// !$*UTF8*$!
{
	archiveVersion = 1;
	classes = {
	};
	objectVersion = 46;
	objects = {

/* Begin PBXBuildFile section */
		2236D93E1A08234B00F19EA5 /* PassengerProfileViewController.m in Sources */ = {isa = PBXBuildFile; fileRef = 2236D93D1A08234B00F19EA5 /* PassengerProfileViewController.m */; };
		2236D9441A082A4200F19EA5 /* NewRideViewController.m in Sources */ = {isa = PBXBuildFile; fileRef = 2236D9431A082A4200F19EA5 /* NewRideViewController.m */; };
		4C7175171A081334002AC734 /* main.m in Sources */ = {isa = PBXBuildFile; fileRef = 4C7175161A081334002AC734 /* main.m */; };
		4C71751A1A081334002AC734 /* AppDelegate.m in Sources */ = {isa = PBXBuildFile; fileRef = 4C7175191A081334002AC734 /* AppDelegate.m */; };
		4C71751D1A081334002AC734 /* PersonalDriver.xcdatamodeld in Sources */ = {isa = PBXBuildFile; fileRef = 4C71751B1A081334002AC734 /* PersonalDriver.xcdatamodeld */; };
		4C7175201A081334002AC734 /* ViewController.m in Sources */ = {isa = PBXBuildFile; fileRef = 4C71751F1A081334002AC734 /* ViewController.m */; };
		4C7175231A081334002AC734 /* Main.storyboard in Resources */ = {isa = PBXBuildFile; fileRef = 4C7175211A081334002AC734 /* Main.storyboard */; };
		4C7175251A081334002AC734 /* Images.xcassets in Resources */ = {isa = PBXBuildFile; fileRef = 4C7175241A081334002AC734 /* Images.xcassets */; };
		4C7175281A081334002AC734 /* LaunchScreen.xib in Resources */ = {isa = PBXBuildFile; fileRef = 4C7175261A081334002AC734 /* LaunchScreen.xib */; };
		4C7175341A081334002AC734 /* PersonalDriverTests.m in Sources */ = {isa = PBXBuildFile; fileRef = 4C7175331A081334002AC734 /* PersonalDriverTests.m */; };
		4C7175661A08FA6B002AC734 /* libz.dylib in Frameworks */ = {isa = PBXBuildFile; fileRef = 4C7175651A08FA6B002AC734 /* libz.dylib */; };
		4C7175711A08FAA0002AC734 /* Accounts.framework in Frameworks */ = {isa = PBXBuildFile; fileRef = 4C7175671A08FAA0002AC734 /* Accounts.framework */; };
		4C7175721A08FAA0002AC734 /* AdSupport.framework in Frameworks */ = {isa = PBXBuildFile; fileRef = 4C7175681A08FAA0002AC734 /* AdSupport.framework */; };
		4C7175731A08FAA0002AC734 /* AudioToolbox.framework in Frameworks */ = {isa = PBXBuildFile; fileRef = 4C7175691A08FAA0002AC734 /* AudioToolbox.framework */; };
		4C7175741A08FAA0002AC734 /* CFNetwork.framework in Frameworks */ = {isa = PBXBuildFile; fileRef = 4C71756A1A08FAA0002AC734 /* CFNetwork.framework */; };
		4C7175751A08FAA0002AC734 /* CoreGraphics.framework in Frameworks */ = {isa = PBXBuildFile; fileRef = 4C71756B1A08FAA0002AC734 /* CoreGraphics.framework */; };
		4C7175761A08FAA0002AC734 /* CoreLocation.framework in Frameworks */ = {isa = PBXBuildFile; fileRef = 4C71756C1A08FAA0002AC734 /* CoreLocation.framework */; };
		4C7175771A08FAA0002AC734 /* MobileCoreServices.framework in Frameworks */ = {isa = PBXBuildFile; fileRef = 4C71756D1A08FAA0002AC734 /* MobileCoreServices.framework */; };
		4C7175781A08FAA0002AC734 /* QuartzCore.framework in Frameworks */ = {isa = PBXBuildFile; fileRef = 4C71756E1A08FAA0002AC734 /* QuartzCore.framework */; };
		4C7175791A08FAA0002AC734 /* Security.framework in Frameworks */ = {isa = PBXBuildFile; fileRef = 4C71756F1A08FAA0002AC734 /* Security.framework */; };
		4C71757A1A08FAA0002AC734 /* SystemConfiguration.framework in Frameworks */ = {isa = PBXBuildFile; fileRef = 4C7175701A08FAA0002AC734 /* SystemConfiguration.framework */; };
		4C71757D1A08FAAF002AC734 /* Bolts.framework in Frameworks */ = {isa = PBXBuildFile; fileRef = 4C71757B1A08FAAF002AC734 /* Bolts.framework */; };
		4C71757E1A08FAAF002AC734 /* Parse.framework in Frameworks */ = {isa = PBXBuildFile; fileRef = 4C71757C1A08FAAF002AC734 /* Parse.framework */; };
		4C7175811A08FDB6002AC734 /* AvailableRidesTableViewController.m in Sources */ = {isa = PBXBuildFile; fileRef = 4C7175801A08FDB6002AC734 /* AvailableRidesTableViewController.m */; };
		4C7175841A08FDCC002AC734 /* AvailableRidesDetailViewController.m in Sources */ = {isa = PBXBuildFile; fileRef = 4C7175831A08FDCC002AC734 /* AvailableRidesDetailViewController.m */; };
		4C7175881A0928A2002AC734 /* Bolts.framework in Frameworks */ = {isa = PBXBuildFile; fileRef = 4C7175861A0928A2002AC734 /* Bolts.framework */; };
		4C7175891A0928A2002AC734 /* Parse.framework in Frameworks */ = {isa = PBXBuildFile; fileRef = 4C7175871A0928A2002AC734 /* Parse.framework */; };
		CE19D8481A081E5D00874F56 /* SignupViewController.m in Sources */ = {isa = PBXBuildFile; fileRef = CE19D8471A081E5D00874F56 /* SignupViewController.m */; };
/* End PBXBuildFile section */

/* Begin PBXContainerItemProxy section */
		4C71752E1A081334002AC734 /* PBXContainerItemProxy */ = {
			isa = PBXContainerItemProxy;
			containerPortal = 4C7175091A081334002AC734 /* Project object */;
			proxyType = 1;
			remoteGlobalIDString = 4C7175101A081334002AC734;
			remoteInfo = PersonalDriver;
		};
/* End PBXContainerItemProxy section */

/* Begin PBXFileReference section */
		2236D93C1A08234B00F19EA5 /* PassengerProfileViewController.h */ = {isa = PBXFileReference; fileEncoding = 4; lastKnownFileType = sourcecode.c.h; path = PassengerProfileViewController.h; sourceTree = "<group>"; };
		2236D93D1A08234B00F19EA5 /* PassengerProfileViewController.m */ = {isa = PBXFileReference; fileEncoding = 4; lastKnownFileType = sourcecode.c.objc; path = PassengerProfileViewController.m; sourceTree = "<group>"; };
		2236D9421A082A4200F19EA5 /* NewRideViewController.h */ = {isa = PBXFileReference; fileEncoding = 4; lastKnownFileType = sourcecode.c.h; name = NewRideViewController.h; path = ../NewRideViewController.h; sourceTree = "<group>"; };
		2236D9431A082A4200F19EA5 /* NewRideViewController.m */ = {isa = PBXFileReference; fileEncoding = 4; lastKnownFileType = sourcecode.c.objc; name = NewRideViewController.m; path = ../NewRideViewController.m; sourceTree = "<group>"; };
		4C7175111A081334002AC734 /* PersonalDriver.app */ = {isa = PBXFileReference; explicitFileType = wrapper.application; includeInIndex = 0; path = PersonalDriver.app; sourceTree = BUILT_PRODUCTS_DIR; };
		4C7175151A081334002AC734 /* Info.plist */ = {isa = PBXFileReference; lastKnownFileType = text.plist.xml; path = Info.plist; sourceTree = "<group>"; };
		4C7175161A081334002AC734 /* main.m */ = {isa = PBXFileReference; lastKnownFileType = sourcecode.c.objc; path = main.m; sourceTree = "<group>"; };
		4C7175181A081334002AC734 /* AppDelegate.h */ = {isa = PBXFileReference; lastKnownFileType = sourcecode.c.h; path = AppDelegate.h; sourceTree = "<group>"; };
		4C7175191A081334002AC734 /* AppDelegate.m */ = {isa = PBXFileReference; lastKnownFileType = sourcecode.c.objc; path = AppDelegate.m; sourceTree = "<group>"; };
		4C71751C1A081334002AC734 /* PersonalDriver.xcdatamodel */ = {isa = PBXFileReference; lastKnownFileType = wrapper.xcdatamodel; path = PersonalDriver.xcdatamodel; sourceTree = "<group>"; };
		4C71751E1A081334002AC734 /* ViewController.h */ = {isa = PBXFileReference; lastKnownFileType = sourcecode.c.h; path = ViewController.h; sourceTree = "<group>"; };
		4C71751F1A081334002AC734 /* ViewController.m */ = {isa = PBXFileReference; lastKnownFileType = sourcecode.c.objc; path = ViewController.m; sourceTree = "<group>"; };
		4C7175221A081334002AC734 /* Base */ = {isa = PBXFileReference; lastKnownFileType = file.storyboard; name = Base; path = Base.lproj/Main.storyboard; sourceTree = "<group>"; };
		4C7175241A081334002AC734 /* Images.xcassets */ = {isa = PBXFileReference; lastKnownFileType = folder.assetcatalog; path = Images.xcassets; sourceTree = "<group>"; };
		4C7175271A081334002AC734 /* Base */ = {isa = PBXFileReference; lastKnownFileType = file.xib; name = Base; path = Base.lproj/LaunchScreen.xib; sourceTree = "<group>"; };
		4C71752D1A081334002AC734 /* PersonalDriverTests.xctest */ = {isa = PBXFileReference; explicitFileType = wrapper.cfbundle; includeInIndex = 0; path = PersonalDriverTests.xctest; sourceTree = BUILT_PRODUCTS_DIR; };
		4C7175321A081334002AC734 /* Info.plist */ = {isa = PBXFileReference; lastKnownFileType = text.plist.xml; path = Info.plist; sourceTree = "<group>"; };
		4C7175331A081334002AC734 /* PersonalDriverTests.m */ = {isa = PBXFileReference; lastKnownFileType = sourcecode.c.objc; path = PersonalDriverTests.m; sourceTree = "<group>"; };
		4C7175651A08FA6B002AC734 /* libz.dylib */ = {isa = PBXFileReference; lastKnownFileType = "compiled.mach-o.dylib"; name = libz.dylib; path = usr/lib/libz.dylib; sourceTree = SDKROOT; };
		4C7175671A08FAA0002AC734 /* Accounts.framework */ = {isa = PBXFileReference; lastKnownFileType = wrapper.framework; name = Accounts.framework; path = System/Library/Frameworks/Accounts.framework; sourceTree = SDKROOT; };
		4C7175681A08FAA0002AC734 /* AdSupport.framework */ = {isa = PBXFileReference; lastKnownFileType = wrapper.framework; name = AdSupport.framework; path = System/Library/Frameworks/AdSupport.framework; sourceTree = SDKROOT; };
		4C7175691A08FAA0002AC734 /* AudioToolbox.framework */ = {isa = PBXFileReference; lastKnownFileType = wrapper.framework; name = AudioToolbox.framework; path = System/Library/Frameworks/AudioToolbox.framework; sourceTree = SDKROOT; };
		4C71756A1A08FAA0002AC734 /* CFNetwork.framework */ = {isa = PBXFileReference; lastKnownFileType = wrapper.framework; name = CFNetwork.framework; path = System/Library/Frameworks/CFNetwork.framework; sourceTree = SDKROOT; };
		4C71756B1A08FAA0002AC734 /* CoreGraphics.framework */ = {isa = PBXFileReference; lastKnownFileType = wrapper.framework; name = CoreGraphics.framework; path = System/Library/Frameworks/CoreGraphics.framework; sourceTree = SDKROOT; };
		4C71756C1A08FAA0002AC734 /* CoreLocation.framework */ = {isa = PBXFileReference; lastKnownFileType = wrapper.framework; name = CoreLocation.framework; path = System/Library/Frameworks/CoreLocation.framework; sourceTree = SDKROOT; };
		4C71756D1A08FAA0002AC734 /* MobileCoreServices.framework */ = {isa = PBXFileReference; lastKnownFileType = wrapper.framework; name = MobileCoreServices.framework; path = System/Library/Frameworks/MobileCoreServices.framework; sourceTree = SDKROOT; };
		4C71756E1A08FAA0002AC734 /* QuartzCore.framework */ = {isa = PBXFileReference; lastKnownFileType = wrapper.framework; name = QuartzCore.framework; path = System/Library/Frameworks/QuartzCore.framework; sourceTree = SDKROOT; };
		4C71756F1A08FAA0002AC734 /* Security.framework */ = {isa = PBXFileReference; lastKnownFileType = wrapper.framework; name = Security.framework; path = System/Library/Frameworks/Security.framework; sourceTree = SDKROOT; };
		4C7175701A08FAA0002AC734 /* SystemConfiguration.framework */ = {isa = PBXFileReference; lastKnownFileType = wrapper.framework; name = SystemConfiguration.framework; path = System/Library/Frameworks/SystemConfiguration.framework; sourceTree = SDKROOT; };
		4C71757B1A08FAAF002AC734 /* Bolts.framework */ = {isa = PBXFileReference; lastKnownFileType = wrapper.framework; name = Bolts.framework; path = "../../../Downloads/parse-library-1.4.2/Bolts.framework"; sourceTree = "<group>"; };
		4C71757C1A08FAAF002AC734 /* Parse.framework */ = {isa = PBXFileReference; lastKnownFileType = wrapper.framework; name = Parse.framework; path = "../../../Downloads/parse-library-1.4.2/Parse.framework"; sourceTree = "<group>"; };
		4C71757F1A08FDB6002AC734 /* AvailableRidesTableViewController.h */ = {isa = PBXFileReference; fileEncoding = 4; lastKnownFileType = sourcecode.c.h; path = AvailableRidesTableViewController.h; sourceTree = "<group>"; };
		4C7175801A08FDB6002AC734 /* AvailableRidesTableViewController.m */ = {isa = PBXFileReference; fileEncoding = 4; lastKnownFileType = sourcecode.c.objc; path = AvailableRidesTableViewController.m; sourceTree = "<group>"; };
		4C7175821A08FDCC002AC734 /* AvailableRidesDetailViewController.h */ = {isa = PBXFileReference; fileEncoding = 4; lastKnownFileType = sourcecode.c.h; path = AvailableRidesDetailViewController.h; sourceTree = "<group>"; };
		4C7175831A08FDCC002AC734 /* AvailableRidesDetailViewController.m */ = {isa = PBXFileReference; fileEncoding = 4; lastKnownFileType = sourcecode.c.objc; path = AvailableRidesDetailViewController.m; sourceTree = "<group>"; };
		4C7175861A0928A2002AC734 /* Bolts.framework */ = {isa = PBXFileReference; lastKnownFileType = wrapper.framework; path = Bolts.framework; sourceTree = "<group>"; };
		4C7175871A0928A2002AC734 /* Parse.framework */ = {isa = PBXFileReference; lastKnownFileType = wrapper.framework; path = Parse.framework; sourceTree = "<group>"; };
		CE19D8461A081E5D00874F56 /* SignupViewController.h */ = {isa = PBXFileReference; fileEncoding = 4; lastKnownFileType = sourcecode.c.h; path = SignupViewController.h; sourceTree = "<group>"; };
		CE19D8471A081E5D00874F56 /* SignupViewController.m */ = {isa = PBXFileReference; fileEncoding = 4; lastKnownFileType = sourcecode.c.objc; path = SignupViewController.m; sourceTree = "<group>"; };
/* End PBXFileReference section */

/* Begin PBXFrameworksBuildPhase section */
		4C71750E1A081334002AC734 /* Frameworks */ = {
			isa = PBXFrameworksBuildPhase;
			buildActionMask = 2147483647;
			files = (
				4C71757D1A08FAAF002AC734 /* Bolts.framework in Frameworks */,
				4C71757E1A08FAAF002AC734 /* Parse.framework in Frameworks */,
				4C7175711A08FAA0002AC734 /* Accounts.framework in Frameworks */,
				4C7175721A08FAA0002AC734 /* AdSupport.framework in Frameworks */,
				4C7175891A0928A2002AC734 /* Parse.framework in Frameworks */,
				4C7175731A08FAA0002AC734 /* AudioToolbox.framework in Frameworks */,
				4C7175741A08FAA0002AC734 /* CFNetwork.framework in Frameworks */,
				4C7175751A08FAA0002AC734 /* CoreGraphics.framework in Frameworks */,
				4C7175761A08FAA0002AC734 /* CoreLocation.framework in Frameworks */,
				4C7175771A08FAA0002AC734 /* MobileCoreServices.framework in Frameworks */,
				4C7175781A08FAA0002AC734 /* QuartzCore.framework in Frameworks */,
				4C7175791A08FAA0002AC734 /* Security.framework in Frameworks */,
				4C71757A1A08FAA0002AC734 /* SystemConfiguration.framework in Frameworks */,
				4C7175661A08FA6B002AC734 /* libz.dylib in Frameworks */,
				4C7175881A0928A2002AC734 /* Bolts.framework in Frameworks */,
			);
			runOnlyForDeploymentPostprocessing = 0;
		};
		4C71752A1A081334002AC734 /* Frameworks */ = {
			isa = PBXFrameworksBuildPhase;
			buildActionMask = 2147483647;
			files = (
			);
			runOnlyForDeploymentPostprocessing = 0;
		};
/* End PBXFrameworksBuildPhase section */

/* Begin PBXGroup section */
		4C7175081A081334002AC734 = {
			isa = PBXGroup;
			children = (
				4C7175131A081334002AC734 /* PersonalDriver */,
				4C7175301A081334002AC734 /* PersonalDriverTests */,
				4C7175121A081334002AC734 /* Products */,
			);
			sourceTree = "<group>";
		};
		4C7175121A081334002AC734 /* Products */ = {
			isa = PBXGroup;
			children = (
				4C7175111A081334002AC734 /* PersonalDriver.app */,
				4C71752D1A081334002AC734 /* PersonalDriverTests.xctest */,
			);
			name = Products;
			sourceTree = "<group>";
		};
		4C7175131A081334002AC734 /* PersonalDriver */ = {
			isa = PBXGroup;
			children = (
				4C7175211A081334002AC734 /* Main.storyboard */,
				CE19D8461A081E5D00874F56 /* SignupViewController.h */,
				CE19D8471A081E5D00874F56 /* SignupViewController.m */,
				4C7175181A081334002AC734 /* AppDelegate.h */,
				4C7175191A081334002AC734 /* AppDelegate.m */,
				4C71751E1A081334002AC734 /* ViewController.h */,
				4C71751F1A081334002AC734 /* ViewController.m */,
				2236D93C1A08234B00F19EA5 /* PassengerProfileViewController.h */,
				2236D93D1A08234B00F19EA5 /* PassengerProfileViewController.m */,
				2236D9421A082A4200F19EA5 /* NewRideViewController.h */,
				2236D9431A082A4200F19EA5 /* NewRideViewController.m */,
				4C7175851A08FDE4002AC734 /* Driver UX */,
				4C7175241A081334002AC734 /* Images.xcassets */,
				4C7175261A081334002AC734 /* LaunchScreen.xib */,
				4C71751B1A081334002AC734 /* PersonalDriver.xcdatamodeld */,
				4C7175141A081334002AC734 /* Supporting Files */,
			);
			path = PersonalDriver;
			sourceTree = "<group>";
		};
		4C7175141A081334002AC734 /* Supporting Files */ = {
			isa = PBXGroup;
			children = (
				4C7175861A0928A2002AC734 /* Bolts.framework */,
				4C7175871A0928A2002AC734 /* Parse.framework */,
				4C71757B1A08FAAF002AC734 /* Bolts.framework */,
				4C71757C1A08FAAF002AC734 /* Parse.framework */,
				4C7175671A08FAA0002AC734 /* Accounts.framework */,
				4C7175681A08FAA0002AC734 /* AdSupport.framework */,
				4C7175691A08FAA0002AC734 /* AudioToolbox.framework */,
				4C71756A1A08FAA0002AC734 /* CFNetwork.framework */,
				4C71756B1A08FAA0002AC734 /* CoreGraphics.framework */,
				4C71756C1A08FAA0002AC734 /* CoreLocation.framework */,
				4C71756D1A08FAA0002AC734 /* MobileCoreServices.framework */,
				4C71756E1A08FAA0002AC734 /* QuartzCore.framework */,
				4C71756F1A08FAA0002AC734 /* Security.framework */,
				4C7175701A08FAA0002AC734 /* SystemConfiguration.framework */,
				4C7175651A08FA6B002AC734 /* libz.dylib */,
				4C7175151A081334002AC734 /* Info.plist */,
				4C7175161A081334002AC734 /* main.m */,
			);
			name = "Supporting Files";
			sourceTree = "<group>";
		};
		4C7175301A081334002AC734 /* PersonalDriverTests */ = {
			isa = PBXGroup;
			children = (
				4C7175331A081334002AC734 /* PersonalDriverTests.m */,
				4C7175311A081334002AC734 /* Supporting Files */,
			);
			path = PersonalDriverTests;
			sourceTree = "<group>";
		};
		4C7175311A081334002AC734 /* Supporting Files */ = {
			isa = PBXGroup;
			children = (
				4C7175321A081334002AC734 /* Info.plist */,
			);
			name = "Supporting Files";
			sourceTree = "<group>";
		};
		4C7175851A08FDE4002AC734 /* Driver UX */ = {
			isa = PBXGroup;
			children = (
				4C71757F1A08FDB6002AC734 /* AvailableRidesTableViewController.h */,
				4C7175801A08FDB6002AC734 /* AvailableRidesTableViewController.m */,
				4C7175821A08FDCC002AC734 /* AvailableRidesDetailViewController.h */,
				4C7175831A08FDCC002AC734 /* AvailableRidesDetailViewController.m */,
			);
			name = "Driver UX";
			sourceTree = "<group>";
		};
/* End PBXGroup section */

/* Begin PBXNativeTarget section */
		4C7175101A081334002AC734 /* PersonalDriver */ = {
			isa = PBXNativeTarget;
			buildConfigurationList = 4C7175371A081334002AC734 /* Build configuration list for PBXNativeTarget "PersonalDriver" */;
			buildPhases = (
				4C71750D1A081334002AC734 /* Sources */,
				4C71750E1A081334002AC734 /* Frameworks */,
				4C71750F1A081334002AC734 /* Resources */,
			);
			buildRules = (
			);
			dependencies = (
			);
			name = PersonalDriver;
			productName = PersonalDriver;
			productReference = 4C7175111A081334002AC734 /* PersonalDriver.app */;
			productType = "com.apple.product-type.application";
		};
		4C71752C1A081334002AC734 /* PersonalDriverTests */ = {
			isa = PBXNativeTarget;
			buildConfigurationList = 4C71753A1A081334002AC734 /* Build configuration list for PBXNativeTarget "PersonalDriverTests" */;
			buildPhases = (
				4C7175291A081334002AC734 /* Sources */,
				4C71752A1A081334002AC734 /* Frameworks */,
				4C71752B1A081334002AC734 /* Resources */,
			);
			buildRules = (
			);
			dependencies = (
				4C71752F1A081334002AC734 /* PBXTargetDependency */,
			);
			name = PersonalDriverTests;
			productName = PersonalDriverTests;
			productReference = 4C71752D1A081334002AC734 /* PersonalDriverTests.xctest */;
			productType = "com.apple.product-type.bundle.unit-test";
		};
/* End PBXNativeTarget section */

/* Begin PBXProject section */
		4C7175091A081334002AC734 /* Project object */ = {
			isa = PBXProject;
			attributes = {
				LastUpgradeCheck = 0610;
				ORGANIZATIONNAME = TeamPersonalDriver;
				TargetAttributes = {
					4C7175101A081334002AC734 = {
						CreatedOnToolsVersion = 6.1;
					};
					4C71752C1A081334002AC734 = {
						CreatedOnToolsVersion = 6.1;
						TestTargetID = 4C7175101A081334002AC734;
					};
				};
			};
			buildConfigurationList = 4C71750C1A081334002AC734 /* Build configuration list for PBXProject "PersonalDriver" */;
			compatibilityVersion = "Xcode 3.2";
			developmentRegion = English;
			hasScannedForEncodings = 0;
			knownRegions = (
				en,
				Base,
			);
			mainGroup = 4C7175081A081334002AC734;
			productRefGroup = 4C7175121A081334002AC734 /* Products */;
			projectDirPath = "";
			projectRoot = "";
			targets = (
				4C7175101A081334002AC734 /* PersonalDriver */,
				4C71752C1A081334002AC734 /* PersonalDriverTests */,
			);
		};
/* End PBXProject section */

/* Begin PBXResourcesBuildPhase section */
		4C71750F1A081334002AC734 /* Resources */ = {
			isa = PBXResourcesBuildPhase;
			buildActionMask = 2147483647;
			files = (
				4C7175231A081334002AC734 /* Main.storyboard in Resources */,
				4C7175281A081334002AC734 /* LaunchScreen.xib in Resources */,
				4C7175251A081334002AC734 /* Images.xcassets in Resources */,
			);
			runOnlyForDeploymentPostprocessing = 0;
		};
		4C71752B1A081334002AC734 /* Resources */ = {
			isa = PBXResourcesBuildPhase;
			buildActionMask = 2147483647;
			files = (
			);
			runOnlyForDeploymentPostprocessing = 0;
		};
/* End PBXResourcesBuildPhase section */

/* Begin PBXSourcesBuildPhase section */
		4C71750D1A081334002AC734 /* Sources */ = {
			isa = PBXSourcesBuildPhase;
			buildActionMask = 2147483647;
			files = (
				4C71751A1A081334002AC734 /* AppDelegate.m in Sources */,
				4C7175171A081334002AC734 /* main.m in Sources */,
				2236D9441A082A4200F19EA5 /* NewRideViewController.m in Sources */,
				4C7175201A081334002AC734 /* ViewController.m in Sources */,
				2236D93E1A08234B00F19EA5 /* PassengerProfileViewController.m in Sources */,
				4C7175811A08FDB6002AC734 /* AvailableRidesTableViewController.m in Sources */,
				4C7175841A08FDCC002AC734 /* AvailableRidesDetailViewController.m in Sources */,
				4C71751D1A081334002AC734 /* PersonalDriver.xcdatamodeld in Sources */,
				CE19D8481A081E5D00874F56 /* SignupViewController.m in Sources */,
			);
			runOnlyForDeploymentPostprocessing = 0;
		};
		4C7175291A081334002AC734 /* Sources */ = {
			isa = PBXSourcesBuildPhase;
			buildActionMask = 2147483647;
			files = (
				4C7175341A081334002AC734 /* PersonalDriverTests.m in Sources */,
			);
			runOnlyForDeploymentPostprocessing = 0;
		};
/* End PBXSourcesBuildPhase section */

/* Begin PBXTargetDependency section */
		4C71752F1A081334002AC734 /* PBXTargetDependency */ = {
			isa = PBXTargetDependency;
			target = 4C7175101A081334002AC734 /* PersonalDriver */;
			targetProxy = 4C71752E1A081334002AC734 /* PBXContainerItemProxy */;
		};
/* End PBXTargetDependency section */

/* Begin PBXVariantGroup section */
		4C7175211A081334002AC734 /* Main.storyboard */ = {
			isa = PBXVariantGroup;
			children = (
				4C7175221A081334002AC734 /* Base */,
			);
			name = Main.storyboard;
			sourceTree = "<group>";
		};
		4C7175261A081334002AC734 /* LaunchScreen.xib */ = {
			isa = PBXVariantGroup;
			children = (
				4C7175271A081334002AC734 /* Base */,
			);
			name = LaunchScreen.xib;
			sourceTree = "<group>";
		};
/* End PBXVariantGroup section */

/* Begin XCBuildConfiguration section */
		4C7175351A081334002AC734 /* Debug */ = {
			isa = XCBuildConfiguration;
			buildSettings = {
				ALWAYS_SEARCH_USER_PATHS = NO;
				CLANG_CXX_LANGUAGE_STANDARD = "gnu++0x";
				CLANG_CXX_LIBRARY = "libc++";
				CLANG_ENABLE_MODULES = YES;
				CLANG_ENABLE_OBJC_ARC = YES;
				CLANG_WARN_BOOL_CONVERSION = YES;
				CLANG_WARN_CONSTANT_CONVERSION = YES;
				CLANG_WARN_DIRECT_OBJC_ISA_USAGE = YES_ERROR;
				CLANG_WARN_EMPTY_BODY = YES;
				CLANG_WARN_ENUM_CONVERSION = YES;
				CLANG_WARN_INT_CONVERSION = YES;
				CLANG_WARN_OBJC_ROOT_CLASS = YES_ERROR;
				CLANG_WARN_UNREACHABLE_CODE = YES;
				CLANG_WARN__DUPLICATE_METHOD_MATCH = YES;
				"CODE_SIGN_IDENTITY[sdk=iphoneos*]" = "iPhone Developer";
				COPY_PHASE_STRIP = NO;
				ENABLE_STRICT_OBJC_MSGSEND = YES;
				GCC_C_LANGUAGE_STANDARD = gnu99;
				GCC_DYNAMIC_NO_PIC = NO;
				GCC_OPTIMIZATION_LEVEL = 0;
				GCC_PREPROCESSOR_DEFINITIONS = (
					"DEBUG=1",
					"$(inherited)",
				);
				GCC_SYMBOLS_PRIVATE_EXTERN = NO;
				GCC_WARN_64_TO_32_BIT_CONVERSION = YES;
				GCC_WARN_ABOUT_RETURN_TYPE = YES_ERROR;
				GCC_WARN_UNDECLARED_SELECTOR = YES;
				GCC_WARN_UNINITIALIZED_AUTOS = YES_AGGRESSIVE;
				GCC_WARN_UNUSED_FUNCTION = YES;
				GCC_WARN_UNUSED_VARIABLE = YES;
				IPHONEOS_DEPLOYMENT_TARGET = 8.1;
				MTL_ENABLE_DEBUG_INFO = YES;
				ONLY_ACTIVE_ARCH = YES;
				SDKROOT = iphoneos;
			};
			name = Debug;
		};
		4C7175361A081334002AC734 /* Release */ = {
			isa = XCBuildConfiguration;
			buildSettings = {
				ALWAYS_SEARCH_USER_PATHS = NO;
				CLANG_CXX_LANGUAGE_STANDARD = "gnu++0x";
				CLANG_CXX_LIBRARY = "libc++";
				CLANG_ENABLE_MODULES = YES;
				CLANG_ENABLE_OBJC_ARC = YES;
				CLANG_WARN_BOOL_CONVERSION = YES;
				CLANG_WARN_CONSTANT_CONVERSION = YES;
				CLANG_WARN_DIRECT_OBJC_ISA_USAGE = YES_ERROR;
				CLANG_WARN_EMPTY_BODY = YES;
				CLANG_WARN_ENUM_CONVERSION = YES;
				CLANG_WARN_INT_CONVERSION = YES;
				CLANG_WARN_OBJC_ROOT_CLASS = YES_ERROR;
				CLANG_WARN_UNREACHABLE_CODE = YES;
				CLANG_WARN__DUPLICATE_METHOD_MATCH = YES;
				"CODE_SIGN_IDENTITY[sdk=iphoneos*]" = "iPhone Developer";
				COPY_PHASE_STRIP = YES;
				ENABLE_NS_ASSERTIONS = NO;
				ENABLE_STRICT_OBJC_MSGSEND = YES;
				GCC_C_LANGUAGE_STANDARD = gnu99;
				GCC_WARN_64_TO_32_BIT_CONVERSION = YES;
				GCC_WARN_ABOUT_RETURN_TYPE = YES_ERROR;
				GCC_WARN_UNDECLARED_SELECTOR = YES;
				GCC_WARN_UNINITIALIZED_AUTOS = YES_AGGRESSIVE;
				GCC_WARN_UNUSED_FUNCTION = YES;
				GCC_WARN_UNUSED_VARIABLE = YES;
				IPHONEOS_DEPLOYMENT_TARGET = 8.1;
				MTL_ENABLE_DEBUG_INFO = NO;
				SDKROOT = iphoneos;
				VALIDATE_PRODUCT = YES;
			};
			name = Release;
		};
		4C7175381A081334002AC734 /* Debug */ = {
			isa = XCBuildConfiguration;
			buildSettings = {
				ASSETCATALOG_COMPILER_APPICON_NAME = AppIcon;
				FRAMEWORK_SEARCH_PATHS = (
					"$(inherited)",
					"/Users/P5/Downloads/parse-library-1.4.2",
					"$(PROJECT_DIR)/PersonalDriver",
				);
				INFOPLIST_FILE = PersonalDriver/Info.plist;
				LD_RUNPATH_SEARCH_PATHS = "$(inherited) @executable_path/Frameworks";
				PRODUCT_NAME = "$(TARGET_NAME)";
			};
			name = Debug;
		};
		4C7175391A081334002AC734 /* Release */ = {
			isa = XCBuildConfiguration;
			buildSettings = {
				ASSETCATALOG_COMPILER_APPICON_NAME = AppIcon;
				FRAMEWORK_SEARCH_PATHS = (
					"$(inherited)",
					"/Users/P5/Downloads/parse-library-1.4.2",
					"$(PROJECT_DIR)/PersonalDriver",
				);
				INFOPLIST_FILE = PersonalDriver/Info.plist;
				LD_RUNPATH_SEARCH_PATHS = "$(inherited) @executable_path/Frameworks";
				PRODUCT_NAME = "$(TARGET_NAME)";
			};
			name = Release;
		};
		4C71753B1A081334002AC734 /* Debug */ = {
			isa = XCBuildConfiguration;
			buildSettings = {
				BUNDLE_LOADER = "$(TEST_HOST)";
				FRAMEWORK_SEARCH_PATHS = (
					"$(SDKROOT)/Developer/Library/Frameworks",
					"$(inherited)",
				);
				GCC_PREPROCESSOR_DEFINITIONS = (
					"DEBUG=1",
					"$(inherited)",
				);
				INFOPLIST_FILE = PersonalDriverTests/Info.plist;
				LD_RUNPATH_SEARCH_PATHS = "$(inherited) @executable_path/Frameworks @loader_path/Frameworks";
				PRODUCT_NAME = "$(TARGET_NAME)";
				TEST_HOST = "$(BUILT_PRODUCTS_DIR)/PersonalDriver.app/PersonalDriver";
			};
			name = Debug;
		};
		4C71753C1A081334002AC734 /* Release */ = {
			isa = XCBuildConfiguration;
			buildSettings = {
				BUNDLE_LOADER = "$(TEST_HOST)";
				FRAMEWORK_SEARCH_PATHS = (
					"$(SDKROOT)/Developer/Library/Frameworks",
					"$(inherited)",
				);
				INFOPLIST_FILE = PersonalDriverTests/Info.plist;
				LD_RUNPATH_SEARCH_PATHS = "$(inherited) @executable_path/Frameworks @loader_path/Frameworks";
				PRODUCT_NAME = "$(TARGET_NAME)";
				TEST_HOST = "$(BUILT_PRODUCTS_DIR)/PersonalDriver.app/PersonalDriver";
			};
			name = Release;
		};
/* End XCBuildConfiguration section */

/* Begin XCConfigurationList section */
		4C71750C1A081334002AC734 /* Build configuration list for PBXProject "PersonalDriver" */ = {
			isa = XCConfigurationList;
			buildConfigurations = (
				4C7175351A081334002AC734 /* Debug */,
				4C7175361A081334002AC734 /* Release */,
			);
			defaultConfigurationIsVisible = 0;
			defaultConfigurationName = Release;
		};
		4C7175371A081334002AC734 /* Build configuration list for PBXNativeTarget "PersonalDriver" */ = {
			isa = XCConfigurationList;
			buildConfigurations = (
				4C7175381A081334002AC734 /* Debug */,
				4C7175391A081334002AC734 /* Release */,
			);
			defaultConfigurationIsVisible = 0;
			defaultConfigurationName = Release;
		};
		4C71753A1A081334002AC734 /* Build configuration list for PBXNativeTarget "PersonalDriverTests" */ = {
			isa = XCConfigurationList;
			buildConfigurations = (
				4C71753B1A081334002AC734 /* Debug */,
				4C71753C1A081334002AC734 /* Release */,
			);
			defaultConfigurationIsVisible = 0;
			defaultConfigurationName = Release;
		};
/* End XCConfigurationList section */

/* Begin XCVersionGroup section */
		4C71751B1A081334002AC734 /* PersonalDriver.xcdatamodeld */ = {
			isa = XCVersionGroup;
			children = (
				4C71751C1A081334002AC734 /* PersonalDriver.xcdatamodel */,
			);
			currentVersion = 4C71751C1A081334002AC734 /* PersonalDriver.xcdatamodel */;
			path = PersonalDriver.xcdatamodeld;
			sourceTree = "<group>";
			versionGroupType = wrapper.xcdatamodel;
		};
/* End XCVersionGroup section */
	};
	rootObject = 4C7175091A081334002AC734 /* Project object */;
}
