// !$*UTF8*$!
{
	archiveVersion = 1;
	classes = {
	};
	objectVersion = 46;
	objects = {

/* Begin PBXBuildFile section */
		2236D93E1A08234B00F19EA5 /* PassengerProfileViewController.m in Sources */ = {isa = PBXBuildFile; fileRef = 2236D93D1A08234B00F19EA5 /* PassengerProfileViewController.m */; };
		2236D9441A082A4200F19EA5 /* NewRideViewController.m in Sources */ = {isa = PBXBuildFile; fileRef = 2236D9431A082A4200F19EA5 /* NewRideViewController.m */; };
		22E4A8711A12714F00A5225A /* Date.m in Sources */ = {isa = PBXBuildFile; fileRef = 22E4A8701A12714F00A5225A /* Date.m */; };
		22E952D01A13DE1500096E2D /* PassengerLabel.m in Sources */ = {isa = PBXBuildFile; fileRef = 22E952CF1A13DE1500096E2D /* PassengerLabel.m */; };
		4C7175171A081334002AC734 /* main.m in Sources */ = {isa = PBXBuildFile; fileRef = 4C7175161A081334002AC734 /* main.m */; };
		4C71751A1A081334002AC734 /* AppDelegate.m in Sources */ = {isa = PBXBuildFile; fileRef = 4C7175191A081334002AC734 /* AppDelegate.m */; };
		4C71751D1A081334002AC734 /* PersonalDriver.xcdatamodeld in Sources */ = {isa = PBXBuildFile; fileRef = 4C71751B1A081334002AC734 /* PersonalDriver.xcdatamodeld */; };
		4C7175201A081334002AC734 /* ViewController.m in Sources */ = {isa = PBXBuildFile; fileRef = 4C71751F1A081334002AC734 /* ViewController.m */; };
		4C7175251A081334002AC734 /* Images.xcassets in Resources */ = {isa = PBXBuildFile; fileRef = 4C7175241A081334002AC734 /* Images.xcassets */; };
		4C7175281A081334002AC734 /* LaunchScreen.xib in Resources */ = {isa = PBXBuildFile; fileRef = 4C7175261A081334002AC734 /* LaunchScreen.xib */; };
		4C7175341A081334002AC734 /* PersonalDriverTests.m in Sources */ = {isa = PBXBuildFile; fileRef = 4C7175331A081334002AC734 /* PersonalDriverTests.m */; };
		4C7175661A08FA6B002AC734 /* libz.dylib in Frameworks */ = {isa = PBXBuildFile; fileRef = 4C7175651A08FA6B002AC734 /* libz.dylib */; };
		4C7175711A08FAA0002AC734 /* Accounts.framework in Frameworks */ = {isa = PBXBuildFile; fileRef = 4C7175671A08FAA0002AC734 /* Accounts.framework */; };
		4C7175721A08FAA0002AC734 /* AdSupport.framework in Frameworks */ = {isa = PBXBuildFile; fileRef = 4C7175681A08FAA0002AC734 /* AdSupport.framework */; };
		4C7175731A08FAA0002AC734 /* AudioToolbox.framework in Frameworks */ = {isa = PBXBuildFile; fileRef = 4C7175691A08FAA0002AC734 /* AudioToolbox.framework */; };
		4C7175741A08FAA0002AC734 /* CFNetwork.framework in Frameworks */ = {isa = PBXBuildFile; fileRef = 4C71756A1A08FAA0002AC734 /* CFNetwork.framework */; };
		4C7175751A08FAA0002AC734 /* CoreGraphics.framework in Frameworks */ = {isa = PBXBuildFile; fileRef = 4C71756B1A08FAA0002AC734 /* CoreGraphics.framework */; };
		4C7175761A08FAA0002AC734 /* CoreLocation.framework in Frameworks */ = {isa = PBXBuildFile; fileRef = 4C71756C1A08FAA0002AC734 /* CoreLocation.framework */; };
		4C7175771A08FAA0002AC734 /* MobileCoreServices.framework in Frameworks */ = {isa = PBXBuildFile; fileRef = 4C71756D1A08FAA0002AC734 /* MobileCoreServices.framework */; };
		4C7175781A08FAA0002AC734 /* QuartzCore.framework in Frameworks */ = {isa = PBXBuildFile; fileRef = 4C71756E1A08FAA0002AC734 /* QuartzCore.framework */; };
		4C7175791A08FAA0002AC734 /* Security.framework in Frameworks */ = {isa = PBXBuildFile; fileRef = 4C71756F1A08FAA0002AC734 /* Security.framework */; };
		4C71757A1A08FAA0002AC734 /* SystemConfiguration.framework in Frameworks */ = {isa = PBXBuildFile; fileRef = 4C7175701A08FAA0002AC734 /* SystemConfiguration.framework */; };
		4C7175841A08FDCC002AC734 /* AvailableRidesDetailViewController.m in Sources */ = {isa = PBXBuildFile; fileRef = 4C7175831A08FDCC002AC734 /* AvailableRidesDetailViewController.m */; };
		4C7175881A0928A2002AC734 /* Bolts.framework in Frameworks */ = {isa = PBXBuildFile; fileRef = 4C7175861A0928A2002AC734 /* Bolts.framework */; };
		4C71759A1A0AB068002AC734 /* Parse.framework in Frameworks */ = {isa = PBXBuildFile; fileRef = 4C7175991A0AB068002AC734 /* Parse.framework */; };
		CE0B18951A104A0600D046B8 /* User.m in Sources */ = {isa = PBXBuildFile; fileRef = CE0B18941A104A0600D046B8 /* User.m */; };
		CE19D9721A092D2700874F56 /* UberActivity.m in Sources */ = {isa = PBXBuildFile; fileRef = CE19D9461A092D2700874F56 /* UberActivity.m */; };
		CE19D9731A092D2700874F56 /* UberPrice.m in Sources */ = {isa = PBXBuildFile; fileRef = CE19D9481A092D2700874F56 /* UberPrice.m */; };
		CE19D9741A092D2700874F56 /* UberProduct.m in Sources */ = {isa = PBXBuildFile; fileRef = CE19D94A1A092D2700874F56 /* UberProduct.m */; };
		CE19D9751A092D2700874F56 /* UberProfile.m in Sources */ = {isa = PBXBuildFile; fileRef = CE19D94C1A092D2700874F56 /* UberProfile.m */; };
		CE19D9761A092D2700874F56 /* UberTime.m in Sources */ = {isa = PBXBuildFile; fileRef = CE19D94E1A092D2700874F56 /* UberTime.m */; };
		CE19D9771A092D2700874F56 /* NSData+NXOAuth2.m in Sources */ = {isa = PBXBuildFile; fileRef = CE19D9511A092D2700874F56 /* NSData+NXOAuth2.m */; };
		CE19D9781A092D2700874F56 /* NSString+NXOAuth2.m in Sources */ = {isa = PBXBuildFile; fileRef = CE19D9531A092D2700874F56 /* NSString+NXOAuth2.m */; };
		CE19D9791A092D2700874F56 /* NSURL+NXOAuth2.m in Sources */ = {isa = PBXBuildFile; fileRef = CE19D9551A092D2700874F56 /* NSURL+NXOAuth2.m */; };
		CE19D97A1A092D2700874F56 /* NXOAuth2AccessToken.m in Sources */ = {isa = PBXBuildFile; fileRef = CE19D9581A092D2700874F56 /* NXOAuth2AccessToken.m */; };
		CE19D97B1A092D2700874F56 /* NXOAuth2Account.m in Sources */ = {isa = PBXBuildFile; fileRef = CE19D95B1A092D2700874F56 /* NXOAuth2Account.m */; };
		CE19D97C1A092D2700874F56 /* NXOAuth2AccountStore.m in Sources */ = {isa = PBXBuildFile; fileRef = CE19D95D1A092D2700874F56 /* NXOAuth2AccountStore.m */; };
		CE19D97D1A092D2700874F56 /* NXOAuth2Client.m in Sources */ = {isa = PBXBuildFile; fileRef = CE19D95F1A092D2700874F56 /* NXOAuth2Client.m */; };
		CE19D97E1A092D2700874F56 /* NXOAuth2Connection.m in Sources */ = {isa = PBXBuildFile; fileRef = CE19D9621A092D2700874F56 /* NXOAuth2Connection.m */; };
		CE19D97F1A092D2700874F56 /* NXOAuth2Constants.m in Sources */ = {isa = PBXBuildFile; fileRef = CE19D9651A092D2700874F56 /* NXOAuth2Constants.m */; };
		CE19D9801A092D2700874F56 /* NXOAuth2FileStreamWrapper.m in Sources */ = {isa = PBXBuildFile; fileRef = CE19D9671A092D2700874F56 /* NXOAuth2FileStreamWrapper.m */; };
		CE19D9811A092D2700874F56 /* NXOAuth2PostBodyPart.m in Sources */ = {isa = PBXBuildFile; fileRef = CE19D9691A092D2700874F56 /* NXOAuth2PostBodyPart.m */; };
		CE19D9821A092D2700874F56 /* NXOAuth2PostBodyStream.m in Sources */ = {isa = PBXBuildFile; fileRef = CE19D96B1A092D2700874F56 /* NXOAuth2PostBodyStream.m */; };
		CE19D9831A092D2700874F56 /* NXOAuth2Request.m in Sources */ = {isa = PBXBuildFile; fileRef = CE19D96D1A092D2700874F56 /* NXOAuth2Request.m */; };
		CE19D9841A092D2700874F56 /* UberKit.m in Sources */ = {isa = PBXBuildFile; fileRef = CE19D9711A092D2700874F56 /* UberKit.m */; };
		CE19D9891A092EB000874F56 /* LoginViewController.m in Sources */ = {isa = PBXBuildFile; fileRef = CE19D9881A092EB000874F56 /* LoginViewController.m */; };
		CE19D9E51A09BAE900874F56 /* PodFile in Resources */ = {isa = PBXBuildFile; fileRef = CE19D9E41A09BAE900874F56 /* PodFile */; };
		CE19D9E81A09BEF900874F56 /* UberAPIDemo.m in Sources */ = {isa = PBXBuildFile; fileRef = CE19D9E71A09BEF900874F56 /* UberAPIDemo.m */; };
		CE19D9EE1A09E44700874F56 /* UberAPI.m in Sources */ = {isa = PBXBuildFile; fileRef = CE19D9ED1A09E44700874F56 /* UberAPI.m */; };
		CE1A353C1A0AC339004A6CCC /* Token.m in Sources */ = {isa = PBXBuildFile; fileRef = CE1A353B1A0AC339004A6CCC /* Token.m */; };
		CE1A353E1A0AD473004A6CCC /* Main.storyboard in Resources */ = {isa = PBXBuildFile; fileRef = CE1A353D1A0AD473004A6CCC /* Main.storyboard */; };
		CE1A35411A0E87FE004A6CCC /* ScheduledRideDetailViewController.m in Sources */ = {isa = PBXBuildFile; fileRef = CE1A35401A0E87FE004A6CCC /* ScheduledRideDetailViewController.m */; };
		CE1A35441A0EEB8D004A6CCC /* ScheduledRideTableViewCell.m in Sources */ = {isa = PBXBuildFile; fileRef = CE1A35431A0EEB8D004A6CCC /* ScheduledRideTableViewCell.m */; };
		CE1A35471A0F1A10004A6CCC /* AvailableRidesTableView.m in Sources */ = {isa = PBXBuildFile; fileRef = CE1A35461A0F1A10004A6CCC /* AvailableRidesTableView.m */; };
		CE1A354A1A0F1A9F004A6CCC /* ScheduledTableView.m in Sources */ = {isa = PBXBuildFile; fileRef = CE1A35491A0F1A9F004A6CCC /* ScheduledTableView.m */; };
		CEB8D1BB1A0A7D3B00A74FA6 /* MapKit.framework in Frameworks */ = {isa = PBXBuildFile; fileRef = CEB8D1BA1A0A7D3B00A74FA6 /* MapKit.framework */; };
		CEB8D1BF1A0A7D7900A74FA6 /* Ride.m in Sources */ = {isa = PBXBuildFile; fileRef = CEB8D1BE1A0A7D7900A74FA6 /* Ride.m */; };
		CEB8D1C21A0A7D9100A74FA6 /* RideManager.m in Sources */ = {isa = PBXBuildFile; fileRef = CEB8D1C11A0A7D9100A74FA6 /* RideManager.m */; };
		CEB8D1C71A0A809E00A74FA6 /* AvailableRidesViewController.m in Sources */ = {isa = PBXBuildFile; fileRef = CEB8D1C41A0A809E00A74FA6 /* AvailableRidesViewController.m */; };
		CEB8D1C81A0A809E00A74FA6 /* AvailableRideTableViewCell.m in Sources */ = {isa = PBXBuildFile; fileRef = CEB8D1C61A0A809E00A74FA6 /* AvailableRideTableViewCell.m */; };
		CEB8D1CB1A0A83CB00A74FA6 /* SelectLocationForRideViewController.m in Sources */ = {isa = PBXBuildFile; fileRef = CEB8D1CA1A0A83CB00A74FA6 /* SelectLocationForRideViewController.m */; };
		FDD60E392AD01E939AF6F573 /* libPods.a in Frameworks */ = {isa = PBXBuildFile; fileRef = 53761B501441D0844B94902B /* libPods.a */; };
/* End PBXBuildFile section */

/* Begin PBXContainerItemProxy section */
		4C71752E1A081334002AC734 /* PBXContainerItemProxy */ = {
			isa = PBXContainerItemProxy;
			containerPortal = 4C7175091A081334002AC734 /* Project object */;
			proxyType = 1;
			remoteGlobalIDString = 4C7175101A081334002AC734;
			remoteInfo = PersonalDriver;
		};
/* End PBXContainerItemProxy section */

/* Begin PBXFileReference section */
		2173130ED3E5D01E966E8968 /* Pods.release.xcconfig */ = {isa = PBXFileReference; includeInIndex = 1; lastKnownFileType = text.xcconfig; name = Pods.release.xcconfig; path = "Pods/Target Support Files/Pods/Pods.release.xcconfig"; sourceTree = "<group>"; };
		2236D93C1A08234B00F19EA5 /* PassengerProfileViewController.h */ = {isa = PBXFileReference; fileEncoding = 4; lastKnownFileType = sourcecode.c.h; path = PassengerProfileViewController.h; sourceTree = "<group>"; };
		2236D93D1A08234B00F19EA5 /* PassengerProfileViewController.m */ = {isa = PBXFileReference; fileEncoding = 4; lastKnownFileType = sourcecode.c.objc; path = PassengerProfileViewController.m; sourceTree = "<group>"; };
		2236D9421A082A4200F19EA5 /* NewRideViewController.h */ = {isa = PBXFileReference; fileEncoding = 4; lastKnownFileType = sourcecode.c.h; name = NewRideViewController.h; path = ../NewRideViewController.h; sourceTree = "<group>"; };
		2236D9431A082A4200F19EA5 /* NewRideViewController.m */ = {isa = PBXFileReference; fileEncoding = 4; lastKnownFileType = sourcecode.c.objc; name = NewRideViewController.m; path = ../NewRideViewController.m; sourceTree = "<group>"; };
		22E4A86F1A12714F00A5225A /* Date.h */ = {isa = PBXFileReference; fileEncoding = 4; lastKnownFileType = sourcecode.c.h; path = Date.h; sourceTree = "<group>"; };
		22E4A8701A12714F00A5225A /* Date.m */ = {isa = PBXFileReference; fileEncoding = 4; lastKnownFileType = sourcecode.c.objc; path = Date.m; sourceTree = "<group>"; };
		22E952CE1A13DE1500096E2D /* PassengerLabel.h */ = {isa = PBXFileReference; fileEncoding = 4; lastKnownFileType = sourcecode.c.h; path = PassengerLabel.h; sourceTree = "<group>"; };
		22E952CF1A13DE1500096E2D /* PassengerLabel.m */ = {isa = PBXFileReference; fileEncoding = 4; lastKnownFileType = sourcecode.c.objc; path = PassengerLabel.m; sourceTree = "<group>"; };
		4C7175111A081334002AC734 /* PersonalDriver.app */ = {isa = PBXFileReference; explicitFileType = wrapper.application; includeInIndex = 0; path = PersonalDriver.app; sourceTree = BUILT_PRODUCTS_DIR; };
		4C7175151A081334002AC734 /* Info.plist */ = {isa = PBXFileReference; lastKnownFileType = text.plist.xml; path = Info.plist; sourceTree = "<group>"; };
		4C7175161A081334002AC734 /* main.m */ = {isa = PBXFileReference; lastKnownFileType = sourcecode.c.objc; path = main.m; sourceTree = "<group>"; };
		4C7175181A081334002AC734 /* AppDelegate.h */ = {isa = PBXFileReference; lastKnownFileType = sourcecode.c.h; path = AppDelegate.h; sourceTree = "<group>"; };
		4C7175191A081334002AC734 /* AppDelegate.m */ = {isa = PBXFileReference; lastKnownFileType = sourcecode.c.objc; path = AppDelegate.m; sourceTree = "<group>"; };
		4C71751C1A081334002AC734 /* PersonalDriver.xcdatamodel */ = {isa = PBXFileReference; lastKnownFileType = wrapper.xcdatamodel; path = PersonalDriver.xcdatamodel; sourceTree = "<group>"; };
		4C71751E1A081334002AC734 /* ViewController.h */ = {isa = PBXFileReference; lastKnownFileType = sourcecode.c.h; path = ViewController.h; sourceTree = "<group>"; };
		4C71751F1A081334002AC734 /* ViewController.m */ = {isa = PBXFileReference; lastKnownFileType = sourcecode.c.objc; path = ViewController.m; sourceTree = "<group>"; };
		4C7175241A081334002AC734 /* Images.xcassets */ = {isa = PBXFileReference; lastKnownFileType = folder.assetcatalog; path = Images.xcassets; sourceTree = "<group>"; };
		4C7175271A081334002AC734 /* Base */ = {isa = PBXFileReference; lastKnownFileType = file.xib; name = Base; path = Base.lproj/LaunchScreen.xib; sourceTree = "<group>"; };
		4C71752D1A081334002AC734 /* PersonalDriverTests.xctest */ = {isa = PBXFileReference; explicitFileType = wrapper.cfbundle; includeInIndex = 0; path = PersonalDriverTests.xctest; sourceTree = BUILT_PRODUCTS_DIR; };
		4C7175321A081334002AC734 /* Info.plist */ = {isa = PBXFileReference; lastKnownFileType = text.plist.xml; path = Info.plist; sourceTree = "<group>"; };
		4C7175331A081334002AC734 /* PersonalDriverTests.m */ = {isa = PBXFileReference; lastKnownFileType = sourcecode.c.objc; path = PersonalDriverTests.m; sourceTree = "<group>"; };
		4C7175651A08FA6B002AC734 /* libz.dylib */ = {isa = PBXFileReference; lastKnownFileType = "compiled.mach-o.dylib"; name = libz.dylib; path = usr/lib/libz.dylib; sourceTree = SDKROOT; };
		4C7175671A08FAA0002AC734 /* Accounts.framework */ = {isa = PBXFileReference; lastKnownFileType = wrapper.framework; name = Accounts.framework; path = System/Library/Frameworks/Accounts.framework; sourceTree = SDKROOT; };
		4C7175681A08FAA0002AC734 /* AdSupport.framework */ = {isa = PBXFileReference; lastKnownFileType = wrapper.framework; name = AdSupport.framework; path = System/Library/Frameworks/AdSupport.framework; sourceTree = SDKROOT; };
		4C7175691A08FAA0002AC734 /* AudioToolbox.framework */ = {isa = PBXFileReference; lastKnownFileType = wrapper.framework; name = AudioToolbox.framework; path = System/Library/Frameworks/AudioToolbox.framework; sourceTree = SDKROOT; };
		4C71756A1A08FAA0002AC734 /* CFNetwork.framework */ = {isa = PBXFileReference; lastKnownFileType = wrapper.framework; name = CFNetwork.framework; path = System/Library/Frameworks/CFNetwork.framework; sourceTree = SDKROOT; };
		4C71756B1A08FAA0002AC734 /* CoreGraphics.framework */ = {isa = PBXFileReference; lastKnownFileType = wrapper.framework; name = CoreGraphics.framework; path = System/Library/Frameworks/CoreGraphics.framework; sourceTree = SDKROOT; };
		4C71756C1A08FAA0002AC734 /* CoreLocation.framework */ = {isa = PBXFileReference; lastKnownFileType = wrapper.framework; name = CoreLocation.framework; path = System/Library/Frameworks/CoreLocation.framework; sourceTree = SDKROOT; };
		4C71756D1A08FAA0002AC734 /* MobileCoreServices.framework */ = {isa = PBXFileReference; lastKnownFileType = wrapper.framework; name = MobileCoreServices.framework; path = System/Library/Frameworks/MobileCoreServices.framework; sourceTree = SDKROOT; };
		4C71756E1A08FAA0002AC734 /* QuartzCore.framework */ = {isa = PBXFileReference; lastKnownFileType = wrapper.framework; name = QuartzCore.framework; path = System/Library/Frameworks/QuartzCore.framework; sourceTree = SDKROOT; };
		4C71756F1A08FAA0002AC734 /* Security.framework */ = {isa = PBXFileReference; lastKnownFileType = wrapper.framework; name = Security.framework; path = System/Library/Frameworks/Security.framework; sourceTree = SDKROOT; };
		4C7175701A08FAA0002AC734 /* SystemConfiguration.framework */ = {isa = PBXFileReference; lastKnownFileType = wrapper.framework; name = SystemConfiguration.framework; path = System/Library/Frameworks/SystemConfiguration.framework; sourceTree = SDKROOT; };
		4C7175821A08FDCC002AC734 /* AvailableRidesDetailViewController.h */ = {isa = PBXFileReference; fileEncoding = 4; lastKnownFileType = sourcecode.c.h; path = AvailableRidesDetailViewController.h; sourceTree = "<group>"; };
		4C7175831A08FDCC002AC734 /* AvailableRidesDetailViewController.m */ = {isa = PBXFileReference; fileEncoding = 4; lastKnownFileType = sourcecode.c.objc; path = AvailableRidesDetailViewController.m; sourceTree = "<group>"; };
		4C7175861A0928A2002AC734 /* Bolts.framework */ = {isa = PBXFileReference; lastKnownFileType = wrapper.framework; path = Bolts.framework; sourceTree = "<group>"; };
		4C7175991A0AB068002AC734 /* Parse.framework */ = {isa = PBXFileReference; lastKnownFileType = wrapper.framework; path = Parse.framework; sourceTree = "<group>"; };
		53761B501441D0844B94902B /* libPods.a */ = {isa = PBXFileReference; explicitFileType = archive.ar; includeInIndex = 0; path = libPods.a; sourceTree = BUILT_PRODUCTS_DIR; };
		7FA98B5EB640F8B16A99CBF9 /* Pods.debug.xcconfig */ = {isa = PBXFileReference; includeInIndex = 1; lastKnownFileType = text.xcconfig; name = Pods.debug.xcconfig; path = "Pods/Target Support Files/Pods/Pods.debug.xcconfig"; sourceTree = "<group>"; };
		CE0B18931A104A0600D046B8 /* User.h */ = {isa = PBXFileReference; fileEncoding = 4; lastKnownFileType = sourcecode.c.h; path = User.h; sourceTree = "<group>"; };
		CE0B18941A104A0600D046B8 /* User.m */ = {isa = PBXFileReference; fileEncoding = 4; lastKnownFileType = sourcecode.c.objc; path = User.m; sourceTree = "<group>"; };
		CE19D9451A092D2700874F56 /* UberActivity.h */ = {isa = PBXFileReference; fileEncoding = 4; lastKnownFileType = sourcecode.c.h; name = UberActivity.h; path = UberKit/Model/UberActivity.h; sourceTree = "<group>"; };
		CE19D9461A092D2700874F56 /* UberActivity.m */ = {isa = PBXFileReference; fileEncoding = 4; lastKnownFileType = sourcecode.c.objc; name = UberActivity.m; path = UberKit/Model/UberActivity.m; sourceTree = "<group>"; };
		CE19D9471A092D2700874F56 /* UberPrice.h */ = {isa = PBXFileReference; fileEncoding = 4; lastKnownFileType = sourcecode.c.h; name = UberPrice.h; path = UberKit/Model/UberPrice.h; sourceTree = "<group>"; };
		CE19D9481A092D2700874F56 /* UberPrice.m */ = {isa = PBXFileReference; fileEncoding = 4; lastKnownFileType = sourcecode.c.objc; name = UberPrice.m; path = UberKit/Model/UberPrice.m; sourceTree = "<group>"; };
		CE19D9491A092D2700874F56 /* UberProduct.h */ = {isa = PBXFileReference; fileEncoding = 4; lastKnownFileType = sourcecode.c.h; name = UberProduct.h; path = UberKit/Model/UberProduct.h; sourceTree = "<group>"; };
		CE19D94A1A092D2700874F56 /* UberProduct.m */ = {isa = PBXFileReference; fileEncoding = 4; lastKnownFileType = sourcecode.c.objc; name = UberProduct.m; path = UberKit/Model/UberProduct.m; sourceTree = "<group>"; };
		CE19D94B1A092D2700874F56 /* UberProfile.h */ = {isa = PBXFileReference; fileEncoding = 4; lastKnownFileType = sourcecode.c.h; name = UberProfile.h; path = UberKit/Model/UberProfile.h; sourceTree = "<group>"; };
		CE19D94C1A092D2700874F56 /* UberProfile.m */ = {isa = PBXFileReference; fileEncoding = 4; lastKnownFileType = sourcecode.c.objc; name = UberProfile.m; path = UberKit/Model/UberProfile.m; sourceTree = "<group>"; };
		CE19D94D1A092D2700874F56 /* UberTime.h */ = {isa = PBXFileReference; fileEncoding = 4; lastKnownFileType = sourcecode.c.h; name = UberTime.h; path = UberKit/Model/UberTime.h; sourceTree = "<group>"; };
		CE19D94E1A092D2700874F56 /* UberTime.m */ = {isa = PBXFileReference; fileEncoding = 4; lastKnownFileType = sourcecode.c.objc; name = UberTime.m; path = UberKit/Model/UberTime.m; sourceTree = "<group>"; };
		CE19D9501A092D2700874F56 /* NSData+NXOAuth2.h */ = {isa = PBXFileReference; fileEncoding = 4; lastKnownFileType = sourcecode.c.h; path = "NSData+NXOAuth2.h"; sourceTree = "<group>"; };
		CE19D9511A092D2700874F56 /* NSData+NXOAuth2.m */ = {isa = PBXFileReference; fileEncoding = 4; lastKnownFileType = sourcecode.c.objc; path = "NSData+NXOAuth2.m"; sourceTree = "<group>"; };
		CE19D9521A092D2700874F56 /* NSString+NXOAuth2.h */ = {isa = PBXFileReference; fileEncoding = 4; lastKnownFileType = sourcecode.c.h; path = "NSString+NXOAuth2.h"; sourceTree = "<group>"; };
		CE19D9531A092D2700874F56 /* NSString+NXOAuth2.m */ = {isa = PBXFileReference; fileEncoding = 4; lastKnownFileType = sourcecode.c.objc; path = "NSString+NXOAuth2.m"; sourceTree = "<group>"; };
		CE19D9541A092D2700874F56 /* NSURL+NXOAuth2.h */ = {isa = PBXFileReference; fileEncoding = 4; lastKnownFileType = sourcecode.c.h; path = "NSURL+NXOAuth2.h"; sourceTree = "<group>"; };
		CE19D9551A092D2700874F56 /* NSURL+NXOAuth2.m */ = {isa = PBXFileReference; fileEncoding = 4; lastKnownFileType = sourcecode.c.objc; path = "NSURL+NXOAuth2.m"; sourceTree = "<group>"; };
		CE19D9561A092D2700874F56 /* NXOAuth2.h */ = {isa = PBXFileReference; fileEncoding = 4; lastKnownFileType = sourcecode.c.h; path = NXOAuth2.h; sourceTree = "<group>"; };
		CE19D9571A092D2700874F56 /* NXOAuth2AccessToken.h */ = {isa = PBXFileReference; fileEncoding = 4; lastKnownFileType = sourcecode.c.h; path = NXOAuth2AccessToken.h; sourceTree = "<group>"; };
		CE19D9581A092D2700874F56 /* NXOAuth2AccessToken.m */ = {isa = PBXFileReference; fileEncoding = 4; lastKnownFileType = sourcecode.c.objc; path = NXOAuth2AccessToken.m; sourceTree = "<group>"; };
		CE19D9591A092D2700874F56 /* NXOAuth2Account+Private.h */ = {isa = PBXFileReference; fileEncoding = 4; lastKnownFileType = sourcecode.c.h; path = "NXOAuth2Account+Private.h"; sourceTree = "<group>"; };
		CE19D95A1A092D2700874F56 /* NXOAuth2Account.h */ = {isa = PBXFileReference; fileEncoding = 4; lastKnownFileType = sourcecode.c.h; path = NXOAuth2Account.h; sourceTree = "<group>"; };
		CE19D95B1A092D2700874F56 /* NXOAuth2Account.m */ = {isa = PBXFileReference; fileEncoding = 4; lastKnownFileType = sourcecode.c.objc; path = NXOAuth2Account.m; sourceTree = "<group>"; };
		CE19D95C1A092D2700874F56 /* NXOAuth2AccountStore.h */ = {isa = PBXFileReference; fileEncoding = 4; lastKnownFileType = sourcecode.c.h; path = NXOAuth2AccountStore.h; sourceTree = "<group>"; };
		CE19D95D1A092D2700874F56 /* NXOAuth2AccountStore.m */ = {isa = PBXFileReference; fileEncoding = 4; lastKnownFileType = sourcecode.c.objc; path = NXOAuth2AccountStore.m; sourceTree = "<group>"; };
		CE19D95E1A092D2700874F56 /* NXOAuth2Client.h */ = {isa = PBXFileReference; fileEncoding = 4; lastKnownFileType = sourcecode.c.h; path = NXOAuth2Client.h; sourceTree = "<group>"; };
		CE19D95F1A092D2700874F56 /* NXOAuth2Client.m */ = {isa = PBXFileReference; fileEncoding = 4; lastKnownFileType = sourcecode.c.objc; path = NXOAuth2Client.m; sourceTree = "<group>"; };
		CE19D9601A092D2700874F56 /* NXOAuth2ClientDelegate.h */ = {isa = PBXFileReference; fileEncoding = 4; lastKnownFileType = sourcecode.c.h; path = NXOAuth2ClientDelegate.h; sourceTree = "<group>"; };
		CE19D9611A092D2700874F56 /* NXOAuth2Connection.h */ = {isa = PBXFileReference; fileEncoding = 4; lastKnownFileType = sourcecode.c.h; path = NXOAuth2Connection.h; sourceTree = "<group>"; };
		CE19D9621A092D2700874F56 /* NXOAuth2Connection.m */ = {isa = PBXFileReference; fileEncoding = 4; lastKnownFileType = sourcecode.c.objc; path = NXOAuth2Connection.m; sourceTree = "<group>"; };
		CE19D9631A092D2700874F56 /* NXOAuth2ConnectionDelegate.h */ = {isa = PBXFileReference; fileEncoding = 4; lastKnownFileType = sourcecode.c.h; path = NXOAuth2ConnectionDelegate.h; sourceTree = "<group>"; };
		CE19D9641A092D2700874F56 /* NXOAuth2Constants.h */ = {isa = PBXFileReference; fileEncoding = 4; lastKnownFileType = sourcecode.c.h; path = NXOAuth2Constants.h; sourceTree = "<group>"; };
		CE19D9651A092D2700874F56 /* NXOAuth2Constants.m */ = {isa = PBXFileReference; fileEncoding = 4; lastKnownFileType = sourcecode.c.objc; path = NXOAuth2Constants.m; sourceTree = "<group>"; };
		CE19D9661A092D2700874F56 /* NXOAuth2FileStreamWrapper.h */ = {isa = PBXFileReference; fileEncoding = 4; lastKnownFileType = sourcecode.c.h; path = NXOAuth2FileStreamWrapper.h; sourceTree = "<group>"; };
		CE19D9671A092D2700874F56 /* NXOAuth2FileStreamWrapper.m */ = {isa = PBXFileReference; fileEncoding = 4; lastKnownFileType = sourcecode.c.objc; path = NXOAuth2FileStreamWrapper.m; sourceTree = "<group>"; };
		CE19D9681A092D2700874F56 /* NXOAuth2PostBodyPart.h */ = {isa = PBXFileReference; fileEncoding = 4; lastKnownFileType = sourcecode.c.h; path = NXOAuth2PostBodyPart.h; sourceTree = "<group>"; };
		CE19D9691A092D2700874F56 /* NXOAuth2PostBodyPart.m */ = {isa = PBXFileReference; fileEncoding = 4; lastKnownFileType = sourcecode.c.objc; path = NXOAuth2PostBodyPart.m; sourceTree = "<group>"; };
		CE19D96A1A092D2700874F56 /* NXOAuth2PostBodyStream.h */ = {isa = PBXFileReference; fileEncoding = 4; lastKnownFileType = sourcecode.c.h; path = NXOAuth2PostBodyStream.h; sourceTree = "<group>"; };
		CE19D96B1A092D2700874F56 /* NXOAuth2PostBodyStream.m */ = {isa = PBXFileReference; fileEncoding = 4; lastKnownFileType = sourcecode.c.objc; path = NXOAuth2PostBodyStream.m; sourceTree = "<group>"; };
		CE19D96C1A092D2700874F56 /* NXOAuth2Request.h */ = {isa = PBXFileReference; fileEncoding = 4; lastKnownFileType = sourcecode.c.h; path = NXOAuth2Request.h; sourceTree = "<group>"; };
		CE19D96D1A092D2700874F56 /* NXOAuth2Request.m */ = {isa = PBXFileReference; fileEncoding = 4; lastKnownFileType = sourcecode.c.objc; path = NXOAuth2Request.m; sourceTree = "<group>"; };
		CE19D96E1A092D2700874F56 /* NXOAuth2TrustDelegate.h */ = {isa = PBXFileReference; fileEncoding = 4; lastKnownFileType = sourcecode.c.h; path = NXOAuth2TrustDelegate.h; sourceTree = "<group>"; };
		CE19D96F1A092D2700874F56 /* OAuth2Client_Prefix.pch */ = {isa = PBXFileReference; fileEncoding = 4; lastKnownFileType = sourcecode.c.h; path = OAuth2Client_Prefix.pch; sourceTree = "<group>"; };
		CE19D9701A092D2700874F56 /* UberKit.h */ = {isa = PBXFileReference; fileEncoding = 4; lastKnownFileType = sourcecode.c.h; path = UberKit.h; sourceTree = "<group>"; };
		CE19D9711A092D2700874F56 /* UberKit.m */ = {isa = PBXFileReference; fileEncoding = 4; lastKnownFileType = sourcecode.c.objc; path = UberKit.m; sourceTree = "<group>"; };
		CE19D9871A092EB000874F56 /* LoginViewController.h */ = {isa = PBXFileReference; fileEncoding = 4; lastKnownFileType = sourcecode.c.h; path = LoginViewController.h; sourceTree = "<group>"; };
		CE19D9881A092EB000874F56 /* LoginViewController.m */ = {isa = PBXFileReference; fileEncoding = 4; lastKnownFileType = sourcecode.c.objc; path = LoginViewController.m; sourceTree = "<group>"; };
		CE19D9E41A09BAE900874F56 /* PodFile */ = {isa = PBXFileReference; fileEncoding = 4; lastKnownFileType = text; path = PodFile; sourceTree = "<group>"; xcLanguageSpecificationIdentifier = xcode.lang.ruby; };
		CE19D9E61A09BEF900874F56 /* UberAPIDemo.h */ = {isa = PBXFileReference; fileEncoding = 4; lastKnownFileType = sourcecode.c.h; path = UberAPIDemo.h; sourceTree = "<group>"; };
		CE19D9E71A09BEF900874F56 /* UberAPIDemo.m */ = {isa = PBXFileReference; fileEncoding = 4; lastKnownFileType = sourcecode.c.objc; path = UberAPIDemo.m; sourceTree = "<group>"; };
		CE19D9EC1A09E44700874F56 /* UberAPI.h */ = {isa = PBXFileReference; fileEncoding = 4; lastKnownFileType = sourcecode.c.h; path = UberAPI.h; sourceTree = "<group>"; };
		CE19D9ED1A09E44700874F56 /* UberAPI.m */ = {isa = PBXFileReference; fileEncoding = 4; lastKnownFileType = sourcecode.c.objc; path = UberAPI.m; sourceTree = "<group>"; };
		CE1A353A1A0AC339004A6CCC /* Token.h */ = {isa = PBXFileReference; fileEncoding = 4; lastKnownFileType = sourcecode.c.h; path = Token.h; sourceTree = "<group>"; };
		CE1A353B1A0AC339004A6CCC /* Token.m */ = {isa = PBXFileReference; fileEncoding = 4; lastKnownFileType = sourcecode.c.objc; path = Token.m; sourceTree = "<group>"; };
		CE1A353D1A0AD473004A6CCC /* Main.storyboard */ = {isa = PBXFileReference; fileEncoding = 4; lastKnownFileType = file.storyboard; path = Main.storyboard; sourceTree = "<group>"; };
		CE1A353F1A0E87FE004A6CCC /* ScheduledRideDetailViewController.h */ = {isa = PBXFileReference; fileEncoding = 4; lastKnownFileType = sourcecode.c.h; path = ScheduledRideDetailViewController.h; sourceTree = "<group>"; };
		CE1A35401A0E87FE004A6CCC /* ScheduledRideDetailViewController.m */ = {isa = PBXFileReference; fileEncoding = 4; lastKnownFileType = sourcecode.c.objc; path = ScheduledRideDetailViewController.m; sourceTree = "<group>"; };
		CE1A35421A0EEB8D004A6CCC /* ScheduledRideTableViewCell.h */ = {isa = PBXFileReference; fileEncoding = 4; lastKnownFileType = sourcecode.c.h; path = ScheduledRideTableViewCell.h; sourceTree = "<group>"; };
		CE1A35431A0EEB8D004A6CCC /* ScheduledRideTableViewCell.m */ = {isa = PBXFileReference; fileEncoding = 4; lastKnownFileType = sourcecode.c.objc; path = ScheduledRideTableViewCell.m; sourceTree = "<group>"; };
		CE1A35451A0F1A10004A6CCC /* AvailableRidesTableView.h */ = {isa = PBXFileReference; fileEncoding = 4; lastKnownFileType = sourcecode.c.h; path = AvailableRidesTableView.h; sourceTree = "<group>"; };
		CE1A35461A0F1A10004A6CCC /* AvailableRidesTableView.m */ = {isa = PBXFileReference; fileEncoding = 4; lastKnownFileType = sourcecode.c.objc; path = AvailableRidesTableView.m; sourceTree = "<group>"; };
		CE1A35481A0F1A9F004A6CCC /* ScheduledTableView.h */ = {isa = PBXFileReference; fileEncoding = 4; lastKnownFileType = sourcecode.c.h; path = ScheduledTableView.h; sourceTree = "<group>"; };
		CE1A35491A0F1A9F004A6CCC /* ScheduledTableView.m */ = {isa = PBXFileReference; fileEncoding = 4; lastKnownFileType = sourcecode.c.objc; path = ScheduledTableView.m; sourceTree = "<group>"; };
		CEB8D1BA1A0A7D3B00A74FA6 /* MapKit.framework */ = {isa = PBXFileReference; lastKnownFileType = wrapper.framework; name = MapKit.framework; path = System/Library/Frameworks/MapKit.framework; sourceTree = SDKROOT; };
		CEB8D1BD1A0A7D7900A74FA6 /* Ride.h */ = {isa = PBXFileReference; fileEncoding = 4; lastKnownFileType = sourcecode.c.h; path = Ride.h; sourceTree = "<group>"; };
		CEB8D1BE1A0A7D7900A74FA6 /* Ride.m */ = {isa = PBXFileReference; fileEncoding = 4; lastKnownFileType = sourcecode.c.objc; path = Ride.m; sourceTree = "<group>"; };
		CEB8D1C01A0A7D9100A74FA6 /* RideManager.h */ = {isa = PBXFileReference; fileEncoding = 4; lastKnownFileType = sourcecode.c.h; path = RideManager.h; sourceTree = "<group>"; };
		CEB8D1C11A0A7D9100A74FA6 /* RideManager.m */ = {isa = PBXFileReference; fileEncoding = 4; lastKnownFileType = sourcecode.c.objc; path = RideManager.m; sourceTree = "<group>"; };
		CEB8D1C31A0A809E00A74FA6 /* AvailableRidesViewController.h */ = {isa = PBXFileReference; fileEncoding = 4; lastKnownFileType = sourcecode.c.h; path = AvailableRidesViewController.h; sourceTree = "<group>"; };
		CEB8D1C41A0A809E00A74FA6 /* AvailableRidesViewController.m */ = {isa = PBXFileReference; fileEncoding = 4; lastKnownFileType = sourcecode.c.objc; path = AvailableRidesViewController.m; sourceTree = "<group>"; };
		CEB8D1C51A0A809E00A74FA6 /* AvailableRideTableViewCell.h */ = {isa = PBXFileReference; fileEncoding = 4; lastKnownFileType = sourcecode.c.h; path = AvailableRideTableViewCell.h; sourceTree = "<group>"; };
		CEB8D1C61A0A809E00A74FA6 /* AvailableRideTableViewCell.m */ = {isa = PBXFileReference; fileEncoding = 4; lastKnownFileType = sourcecode.c.objc; path = AvailableRideTableViewCell.m; sourceTree = "<group>"; };
		CEB8D1C91A0A83CB00A74FA6 /* SelectLocationForRideViewController.h */ = {isa = PBXFileReference; fileEncoding = 4; lastKnownFileType = sourcecode.c.h; path = SelectLocationForRideViewController.h; sourceTree = "<group>"; };
		CEB8D1CA1A0A83CB00A74FA6 /* SelectLocationForRideViewController.m */ = {isa = PBXFileReference; fileEncoding = 4; lastKnownFileType = sourcecode.c.objc; path = SelectLocationForRideViewController.m; sourceTree = "<group>"; };
/* End PBXFileReference section */

/* Begin PBXFrameworksBuildPhase section */
		4C71750E1A081334002AC734 /* Frameworks */ = {
			isa = PBXFrameworksBuildPhase;
			buildActionMask = 2147483647;
			files = (
				4C7175761A08FAA0002AC734 /* CoreLocation.framework in Frameworks */,
				CEB8D1BB1A0A7D3B00A74FA6 /* MapKit.framework in Frameworks */,
				4C7175711A08FAA0002AC734 /* Accounts.framework in Frameworks */,
				4C7175721A08FAA0002AC734 /* AdSupport.framework in Frameworks */,
				4C7175731A08FAA0002AC734 /* AudioToolbox.framework in Frameworks */,
				4C71759A1A0AB068002AC734 /* Parse.framework in Frameworks */,
				4C7175741A08FAA0002AC734 /* CFNetwork.framework in Frameworks */,
				4C7175751A08FAA0002AC734 /* CoreGraphics.framework in Frameworks */,
				4C7175771A08FAA0002AC734 /* MobileCoreServices.framework in Frameworks */,
				4C7175781A08FAA0002AC734 /* QuartzCore.framework in Frameworks */,
				4C7175791A08FAA0002AC734 /* Security.framework in Frameworks */,
				4C71757A1A08FAA0002AC734 /* SystemConfiguration.framework in Frameworks */,
				4C7175661A08FA6B002AC734 /* libz.dylib in Frameworks */,
				4C7175881A0928A2002AC734 /* Bolts.framework in Frameworks */,
				FDD60E392AD01E939AF6F573 /* libPods.a in Frameworks */,
			);
			runOnlyForDeploymentPostprocessing = 0;
		};
		4C71752A1A081334002AC734 /* Frameworks */ = {
			isa = PBXFrameworksBuildPhase;
			buildActionMask = 2147483647;
			files = (
			);
			runOnlyForDeploymentPostprocessing = 0;
		};
/* End PBXFrameworksBuildPhase section */

/* Begin PBXGroup section */
		43EE249A26BE3CF0BBAA536E /* Frameworks */ = {
			isa = PBXGroup;
			children = (
				CEB8D1BA1A0A7D3B00A74FA6 /* MapKit.framework */,
				53761B501441D0844B94902B /* libPods.a */,
			);
			name = Frameworks;
			sourceTree = "<group>";
		};
		4C7175081A081334002AC734 = {
			isa = PBXGroup;
			children = (
				CE19D9E41A09BAE900874F56 /* PodFile */,
				4C7175131A081334002AC734 /* PersonalDriver */,
				4C7175301A081334002AC734 /* PersonalDriverTests */,
				4C7175121A081334002AC734 /* Products */,
				96D0403E51CAB8B099216168 /* Pods */,
				43EE249A26BE3CF0BBAA536E /* Frameworks */,
			);
			sourceTree = "<group>";
		};
		4C7175121A081334002AC734 /* Products */ = {
			isa = PBXGroup;
			children = (
				4C7175111A081334002AC734 /* PersonalDriver.app */,
				4C71752D1A081334002AC734 /* PersonalDriverTests.xctest */,
			);
			name = Products;
			sourceTree = "<group>";
		};
		4C7175131A081334002AC734 /* PersonalDriver */ = {
			isa = PBXGroup;
			children = (
				22E952CE1A13DE1500096E2D /* PassengerLabel.h */,
				22E952CF1A13DE1500096E2D /* PassengerLabel.m */,
				CE1A353D1A0AD473004A6CCC /* Main.storyboard */,
				4C7175181A081334002AC734 /* AppDelegate.h */,
				4C7175191A081334002AC734 /* AppDelegate.m */,
				4C71751E1A081334002AC734 /* ViewController.h */,
				4C71751F1A081334002AC734 /* ViewController.m */,
				CE19D9871A092EB000874F56 /* LoginViewController.h */,
				CE19D9881A092EB000874F56 /* LoginViewController.m */,
				2236D93C1A08234B00F19EA5 /* PassengerProfileViewController.h */,
				2236D93D1A08234B00F19EA5 /* PassengerProfileViewController.m */,
				CEB8D1C91A0A83CB00A74FA6 /* SelectLocationForRideViewController.h */,
				CEB8D1CA1A0A83CB00A74FA6 /* SelectLocationForRideViewController.m */,
				2236D9421A082A4200F19EA5 /* NewRideViewController.h */,
				2236D9431A082A4200F19EA5 /* NewRideViewController.m */,
				22E4A86F1A12714F00A5225A /* Date.h */,
				22E4A8701A12714F00A5225A /* Date.m */,
				CE19D9EC1A09E44700874F56 /* UberAPI.h */,
				CE19D9ED1A09E44700874F56 /* UberAPI.m */,
				CE19D9E61A09BEF900874F56 /* UberAPIDemo.h */,
				CE19D9E71A09BEF900874F56 /* UberAPIDemo.m */,
				CE1A353A1A0AC339004A6CCC /* Token.h */,
				CE1A353B1A0AC339004A6CCC /* Token.m */,
				4C7175851A08FDE4002AC734 /* Driver UX */,
				4C7175241A081334002AC734 /* Images.xcassets */,
				4C7175261A081334002AC734 /* LaunchScreen.xib */,
				4C71751B1A081334002AC734 /* PersonalDriver.xcdatamodeld */,
				CEB8D1BC1A0A7D5C00A74FA6 /* Model */,
				4C7175141A081334002AC734 /* Supporting Files */,
			);
			path = PersonalDriver;
			sourceTree = "<group>";
		};
		4C7175141A081334002AC734 /* Supporting Files */ = {
			isa = PBXGroup;
			children = (
				4C7175991A0AB068002AC734 /* Parse.framework */,
				CE19D9431A092D2700874F56 /* UberKit */,
				4C7175861A0928A2002AC734 /* Bolts.framework */,
				4C7175671A08FAA0002AC734 /* Accounts.framework */,
				4C7175681A08FAA0002AC734 /* AdSupport.framework */,
				4C7175691A08FAA0002AC734 /* AudioToolbox.framework */,
				4C71756A1A08FAA0002AC734 /* CFNetwork.framework */,
				4C71756B1A08FAA0002AC734 /* CoreGraphics.framework */,
				4C71756C1A08FAA0002AC734 /* CoreLocation.framework */,
				4C71756D1A08FAA0002AC734 /* MobileCoreServices.framework */,
				4C71756E1A08FAA0002AC734 /* QuartzCore.framework */,
				4C71756F1A08FAA0002AC734 /* Security.framework */,
				4C7175701A08FAA0002AC734 /* SystemConfiguration.framework */,
				4C7175651A08FA6B002AC734 /* libz.dylib */,
				4C7175151A081334002AC734 /* Info.plist */,
				4C7175161A081334002AC734 /* main.m */,
			);
			name = "Supporting Files";
			sourceTree = "<group>";
		};
		4C7175301A081334002AC734 /* PersonalDriverTests */ = {
			isa = PBXGroup;
			children = (
				4C7175331A081334002AC734 /* PersonalDriverTests.m */,
				4C7175311A081334002AC734 /* Supporting Files */,
			);
			path = PersonalDriverTests;
			sourceTree = "<group>";
		};
		4C7175311A081334002AC734 /* Supporting Files */ = {
			isa = PBXGroup;
			children = (
				4C7175321A081334002AC734 /* Info.plist */,
			);
			name = "Supporting Files";
			sourceTree = "<group>";
		};
		4C7175851A08FDE4002AC734 /* Driver UX */ = {
			isa = PBXGroup;
			children = (
				CEB8D1C31A0A809E00A74FA6 /* AvailableRidesViewController.h */,
				CEB8D1C41A0A809E00A74FA6 /* AvailableRidesViewController.m */,
				CE1A35451A0F1A10004A6CCC /* AvailableRidesTableView.h */,
				CE1A35461A0F1A10004A6CCC /* AvailableRidesTableView.m */,
				CEB8D1C51A0A809E00A74FA6 /* AvailableRideTableViewCell.h */,
				CEB8D1C61A0A809E00A74FA6 /* AvailableRideTableViewCell.m */,
				4C7175821A08FDCC002AC734 /* AvailableRidesDetailViewController.h */,
				4C7175831A08FDCC002AC734 /* AvailableRidesDetailViewController.m */,
				CE1A35481A0F1A9F004A6CCC /* ScheduledTableView.h */,
				CE1A35491A0F1A9F004A6CCC /* ScheduledTableView.m */,
				CE1A35421A0EEB8D004A6CCC /* ScheduledRideTableViewCell.h */,
				CE1A35431A0EEB8D004A6CCC /* ScheduledRideTableViewCell.m */,
				CE1A353F1A0E87FE004A6CCC /* ScheduledRideDetailViewController.h */,
				CE1A35401A0E87FE004A6CCC /* ScheduledRideDetailViewController.m */,
			);
			name = "Driver UX";
			sourceTree = "<group>";
		};
		96D0403E51CAB8B099216168 /* Pods */ = {
			isa = PBXGroup;
			children = (
				7FA98B5EB640F8B16A99CBF9 /* Pods.debug.xcconfig */,
				2173130ED3E5D01E966E8968 /* Pods.release.xcconfig */,
			);
			name = Pods;
			sourceTree = "<group>";
		};
		CE19D9431A092D2700874F56 /* UberKit */ = {
			isa = PBXGroup;
			children = (
				CE19D9441A092D2700874F56 /* Model */,
				CE19D94F1A092D2700874F56 /* OAuth2Client */,
				CE19D9701A092D2700874F56 /* UberKit.h */,
				CE19D9711A092D2700874F56 /* UberKit.m */,
			);
			path = UberKit;
			sourceTree = "<group>";
		};
		CE19D9441A092D2700874F56 /* Model */ = {
			isa = PBXGroup;
			children = (
			);
			path = Model;
			sourceTree = "<group>";
		};
		CE19D94F1A092D2700874F56 /* OAuth2Client */ = {
			isa = PBXGroup;
			children = (
				CE19D9501A092D2700874F56 /* NSData+NXOAuth2.h */,
				CE19D9511A092D2700874F56 /* NSData+NXOAuth2.m */,
				CE19D9521A092D2700874F56 /* NSString+NXOAuth2.h */,
				CE19D9531A092D2700874F56 /* NSString+NXOAuth2.m */,
				CE19D9541A092D2700874F56 /* NSURL+NXOAuth2.h */,
				CE19D9551A092D2700874F56 /* NSURL+NXOAuth2.m */,
				CE19D9561A092D2700874F56 /* NXOAuth2.h */,
				CE19D9571A092D2700874F56 /* NXOAuth2AccessToken.h */,
				CE19D9581A092D2700874F56 /* NXOAuth2AccessToken.m */,
				CE19D9591A092D2700874F56 /* NXOAuth2Account+Private.h */,
				CE19D95A1A092D2700874F56 /* NXOAuth2Account.h */,
				CE19D95B1A092D2700874F56 /* NXOAuth2Account.m */,
				CE19D95C1A092D2700874F56 /* NXOAuth2AccountStore.h */,
				CE19D95D1A092D2700874F56 /* NXOAuth2AccountStore.m */,
				CE19D95E1A092D2700874F56 /* NXOAuth2Client.h */,
				CE19D95F1A092D2700874F56 /* NXOAuth2Client.m */,
				CE19D9601A092D2700874F56 /* NXOAuth2ClientDelegate.h */,
				CE19D9611A092D2700874F56 /* NXOAuth2Connection.h */,
				CE19D9621A092D2700874F56 /* NXOAuth2Connection.m */,
				CE19D9631A092D2700874F56 /* NXOAuth2ConnectionDelegate.h */,
				CE19D9641A092D2700874F56 /* NXOAuth2Constants.h */,
				CE19D9651A092D2700874F56 /* NXOAuth2Constants.m */,
				CE19D9661A092D2700874F56 /* NXOAuth2FileStreamWrapper.h */,
				CE19D9671A092D2700874F56 /* NXOAuth2FileStreamWrapper.m */,
				CE19D9681A092D2700874F56 /* NXOAuth2PostBodyPart.h */,
				CE19D9691A092D2700874F56 /* NXOAuth2PostBodyPart.m */,
				CE19D96A1A092D2700874F56 /* NXOAuth2PostBodyStream.h */,
				CE19D96B1A092D2700874F56 /* NXOAuth2PostBodyStream.m */,
				CE19D96C1A092D2700874F56 /* NXOAuth2Request.h */,
				CE19D96D1A092D2700874F56 /* NXOAuth2Request.m */,
				CE19D96E1A092D2700874F56 /* NXOAuth2TrustDelegate.h */,
				CE19D96F1A092D2700874F56 /* OAuth2Client_Prefix.pch */,
			);
			path = OAuth2Client;
			sourceTree = "<group>";
		};
		CEB8D1BC1A0A7D5C00A74FA6 /* Model */ = {
			isa = PBXGroup;
			children = (
				CE19D9451A092D2700874F56 /* UberActivity.h */,
				CE19D9461A092D2700874F56 /* UberActivity.m */,
				CE19D9471A092D2700874F56 /* UberPrice.h */,
				CE19D9481A092D2700874F56 /* UberPrice.m */,
				CE19D9491A092D2700874F56 /* UberProduct.h */,
				CE19D94A1A092D2700874F56 /* UberProduct.m */,
				CE19D94B1A092D2700874F56 /* UberProfile.h */,
				CE19D94C1A092D2700874F56 /* UberProfile.m */,
				CE19D94D1A092D2700874F56 /* UberTime.h */,
				CE19D94E1A092D2700874F56 /* UberTime.m */,
				CEB8D1C01A0A7D9100A74FA6 /* RideManager.h */,
				CEB8D1C11A0A7D9100A74FA6 /* RideManager.m */,
				CE0B18931A104A0600D046B8 /* User.h */,
				CE0B18941A104A0600D046B8 /* User.m */,
				CEB8D1BD1A0A7D7900A74FA6 /* Ride.h */,
				CEB8D1BE1A0A7D7900A74FA6 /* Ride.m */,
			);
			name = Model;
			sourceTree = "<group>";
		};
/* End PBXGroup section */

/* Begin PBXNativeTarget section */
		4C7175101A081334002AC734 /* PersonalDriver */ = {
			isa = PBXNativeTarget;
			buildConfigurationList = 4C7175371A081334002AC734 /* Build configuration list for PBXNativeTarget "PersonalDriver" */;
			buildPhases = (
				1FE5DC21F14CF3A9648ACA58 /* Check Pods Manifest.lock */,
				4C71750D1A081334002AC734 /* Sources */,
				4C71750E1A081334002AC734 /* Frameworks */,
				4C71750F1A081334002AC734 /* Resources */,
				518BE073C569EB6D5EED793C /* Copy Pods Resources */,
			);
			buildRules = (
			);
			dependencies = (
			);
			name = PersonalDriver;
			productName = PersonalDriver;
			productReference = 4C7175111A081334002AC734 /* PersonalDriver.app */;
			productType = "com.apple.product-type.application";
		};
		4C71752C1A081334002AC734 /* PersonalDriverTests */ = {
			isa = PBXNativeTarget;
			buildConfigurationList = 4C71753A1A081334002AC734 /* Build configuration list for PBXNativeTarget "PersonalDriverTests" */;
			buildPhases = (
				4C7175291A081334002AC734 /* Sources */,
				4C71752A1A081334002AC734 /* Frameworks */,
				4C71752B1A081334002AC734 /* Resources */,
			);
			buildRules = (
			);
			dependencies = (
				4C71752F1A081334002AC734 /* PBXTargetDependency */,
			);
			name = PersonalDriverTests;
			productName = PersonalDriverTests;
			productReference = 4C71752D1A081334002AC734 /* PersonalDriverTests.xctest */;
			productType = "com.apple.product-type.bundle.unit-test";
		};
/* End PBXNativeTarget section */

/* Begin PBXProject section */
		4C7175091A081334002AC734 /* Project object */ = {
			isa = PBXProject;
			attributes = {
				LastUpgradeCheck = 0610;
				ORGANIZATIONNAME = TeamPersonalDriver;
				TargetAttributes = {
					4C7175101A081334002AC734 = {
						CreatedOnToolsVersion = 6.1;
						DevelopmentTeam = X9H2FN6JAM;
					};
					4C71752C1A081334002AC734 = {
						CreatedOnToolsVersion = 6.1;
						TestTargetID = 4C7175101A081334002AC734;
					};
				};
			};
			buildConfigurationList = 4C71750C1A081334002AC734 /* Build configuration list for PBXProject "PersonalDriver" */;
			compatibilityVersion = "Xcode 3.2";
			developmentRegion = English;
			hasScannedForEncodings = 0;
			knownRegions = (
				en,
				Base,
			);
			mainGroup = 4C7175081A081334002AC734;
			productRefGroup = 4C7175121A081334002AC734 /* Products */;
			projectDirPath = "";
			projectRoot = "";
			targets = (
				4C7175101A081334002AC734 /* PersonalDriver */,
				4C71752C1A081334002AC734 /* PersonalDriverTests */,
			);
		};
/* End PBXProject section */

/* Begin PBXResourcesBuildPhase section */
		4C71750F1A081334002AC734 /* Resources */ = {
			isa = PBXResourcesBuildPhase;
			buildActionMask = 2147483647;
			files = (
				4C7175281A081334002AC734 /* LaunchScreen.xib in Resources */,
				CE19D9E51A09BAE900874F56 /* PodFile in Resources */,
				4C7175251A081334002AC734 /* Images.xcassets in Resources */,
				CE1A353E1A0AD473004A6CCC /* Main.storyboard in Resources */,
			);
			runOnlyForDeploymentPostprocessing = 0;
		};
		4C71752B1A081334002AC734 /* Resources */ = {
			isa = PBXResourcesBuildPhase;
			buildActionMask = 2147483647;
			files = (
			);
			runOnlyForDeploymentPostprocessing = 0;
		};
/* End PBXResourcesBuildPhase section */

/* Begin PBXShellScriptBuildPhase section */
		1FE5DC21F14CF3A9648ACA58 /* Check Pods Manifest.lock */ = {
			isa = PBXShellScriptBuildPhase;
			buildActionMask = 2147483647;
			files = (
			);
			inputPaths = (
			);
			name = "Check Pods Manifest.lock";
			outputPaths = (
			);
			runOnlyForDeploymentPostprocessing = 0;
			shellPath = /bin/sh;
			shellScript = "diff \"${PODS_ROOT}/../Podfile.lock\" \"${PODS_ROOT}/Manifest.lock\" > /dev/null\nif [[ $? != 0 ]] ; then\n    cat << EOM\nerror: The sandbox is not in sync with the Podfile.lock. Run 'pod install' or update your CocoaPods installation.\nEOM\n    exit 1\nfi\n";
			showEnvVarsInLog = 0;
		};
		518BE073C569EB6D5EED793C /* Copy Pods Resources */ = {
			isa = PBXShellScriptBuildPhase;
			buildActionMask = 2147483647;
			files = (
			);
			inputPaths = (
			);
			name = "Copy Pods Resources";
			outputPaths = (
			);
			runOnlyForDeploymentPostprocessing = 0;
			shellPath = /bin/sh;
			shellScript = "\"${SRCROOT}/Pods/Target Support Files/Pods/Pods-resources.sh\"\n";
			showEnvVarsInLog = 0;
		};
/* End PBXShellScriptBuildPhase section */

/* Begin PBXSourcesBuildPhase section */
		4C71750D1A081334002AC734 /* Sources */ = {
			isa = PBXSourcesBuildPhase;
			buildActionMask = 2147483647;
			files = (
				CE0B18951A104A0600D046B8 /* User.m in Sources */,
				CE19D9891A092EB000874F56 /* LoginViewController.m in Sources */,
				CEB8D1C81A0A809E00A74FA6 /* AvailableRideTableViewCell.m in Sources */,
				CE19D9721A092D2700874F56 /* UberActivity.m in Sources */,
				4C71751A1A081334002AC734 /* AppDelegate.m in Sources */,
				4C7175171A081334002AC734 /* main.m in Sources */,
				CE19D9741A092D2700874F56 /* UberProduct.m in Sources */,
				CE19D97E1A092D2700874F56 /* NXOAuth2Connection.m in Sources */,
				CE19D9731A092D2700874F56 /* UberPrice.m in Sources */,
				CEB8D1C21A0A7D9100A74FA6 /* RideManager.m in Sources */,
				22E4A8711A12714F00A5225A /* Date.m in Sources */,
				CE19D9771A092D2700874F56 /* NSData+NXOAuth2.m in Sources */,
				CE19D9751A092D2700874F56 /* UberProfile.m in Sources */,
				CE1A35441A0EEB8D004A6CCC /* ScheduledRideTableViewCell.m in Sources */,
				CEB8D1BF1A0A7D7900A74FA6 /* Ride.m in Sources */,
				CE1A354A1A0F1A9F004A6CCC /* ScheduledTableView.m in Sources */,
				2236D9441A082A4200F19EA5 /* NewRideViewController.m in Sources */,
				4C7175201A081334002AC734 /* ViewController.m in Sources */,
				CE19D9761A092D2700874F56 /* UberTime.m in Sources */,
				CE19D9781A092D2700874F56 /* NSString+NXOAuth2.m in Sources */,
				CE19D9821A092D2700874F56 /* NXOAuth2PostBodyStream.m in Sources */,
				CEB8D1C71A0A809E00A74FA6 /* AvailableRidesViewController.m in Sources */,
				CE1A35471A0F1A10004A6CCC /* AvailableRidesTableView.m in Sources */,
				CE19D9791A092D2700874F56 /* NSURL+NXOAuth2.m in Sources */,
				CEB8D1CB1A0A83CB00A74FA6 /* SelectLocationForRideViewController.m in Sources */,
				CE1A353C1A0AC339004A6CCC /* Token.m in Sources */,
				CE19D97D1A092D2700874F56 /* NXOAuth2Client.m in Sources */,
				22E952D01A13DE1500096E2D /* PassengerLabel.m in Sources */,
				CE19D97C1A092D2700874F56 /* NXOAuth2AccountStore.m in Sources */,
				2236D93E1A08234B00F19EA5 /* PassengerProfileViewController.m in Sources */,
				CE19D9841A092D2700874F56 /* UberKit.m in Sources */,
				CE1A35411A0E87FE004A6CCC /* ScheduledRideDetailViewController.m in Sources */,
				CE19D97F1A092D2700874F56 /* NXOAuth2Constants.m in Sources */,
				4C7175841A08FDCC002AC734 /* AvailableRidesDetailViewController.m in Sources */,
				CE19D9EE1A09E44700874F56 /* UberAPI.m in Sources */,
				CE19D9E81A09BEF900874F56 /* UberAPIDemo.m in Sources */,
				CE19D9831A092D2700874F56 /* NXOAuth2Request.m in Sources */,
				4C71751D1A081334002AC734 /* PersonalDriver.xcdatamodeld in Sources */,
				CE19D9801A092D2700874F56 /* NXOAuth2FileStreamWrapper.m in Sources */,
				CE19D97B1A092D2700874F56 /* NXOAuth2Account.m in Sources */,
				CE19D9811A092D2700874F56 /* NXOAuth2PostBodyPart.m in Sources */,
				CE19D97A1A092D2700874F56 /* NXOAuth2AccessToken.m in Sources */,
			);
			runOnlyForDeploymentPostprocessing = 0;
		};
		4C7175291A081334002AC734 /* Sources */ = {
			isa = PBXSourcesBuildPhase;
			buildActionMask = 2147483647;
			files = (
				4C7175341A081334002AC734 /* PersonalDriverTests.m in Sources */,
			);
			runOnlyForDeploymentPostprocessing = 0;
		};
/* End PBXSourcesBuildPhase section */

/* Begin PBXTargetDependency section */
		4C71752F1A081334002AC734 /* PBXTargetDependency */ = {
			isa = PBXTargetDependency;
			target = 4C7175101A081334002AC734 /* PersonalDriver */;
			targetProxy = 4C71752E1A081334002AC734 /* PBXContainerItemProxy */;
		};
/* End PBXTargetDependency section */

/* Begin PBXVariantGroup section */
		4C7175261A081334002AC734 /* LaunchScreen.xib */ = {
			isa = PBXVariantGroup;
			children = (
				4C7175271A081334002AC734 /* Base */,
			);
			name = LaunchScreen.xib;
			sourceTree = "<group>";
		};
/* End PBXVariantGroup section */

/* Begin XCBuildConfiguration section */
		4C7175351A081334002AC734 /* Debug */ = {
			isa = XCBuildConfiguration;
			buildSettings = {
				ALWAYS_SEARCH_USER_PATHS = NO;
				CLANG_CXX_LANGUAGE_STANDARD = "gnu++0x";
				CLANG_CXX_LIBRARY = "libc++";
				CLANG_ENABLE_MODULES = YES;
				CLANG_ENABLE_OBJC_ARC = YES;
				CLANG_WARN_BOOL_CONVERSION = YES;
				CLANG_WARN_CONSTANT_CONVERSION = YES;
				CLANG_WARN_DIRECT_OBJC_ISA_USAGE = YES_ERROR;
				CLANG_WARN_EMPTY_BODY = YES;
				CLANG_WARN_ENUM_CONVERSION = YES;
				CLANG_WARN_INT_CONVERSION = YES;
				CLANG_WARN_OBJC_ROOT_CLASS = YES_ERROR;
				CLANG_WARN_UNREACHABLE_CODE = YES;
				CLANG_WARN__DUPLICATE_METHOD_MATCH = YES;
				"CODE_SIGN_IDENTITY[sdk=iphoneos*]" = "iPhone Developer";
				COPY_PHASE_STRIP = NO;
				ENABLE_STRICT_OBJC_MSGSEND = YES;
				GCC_C_LANGUAGE_STANDARD = gnu99;
				GCC_DYNAMIC_NO_PIC = NO;
				GCC_OPTIMIZATION_LEVEL = 0;
				GCC_PREPROCESSOR_DEFINITIONS = (
					"DEBUG=1",
					"$(inherited)",
				);
				GCC_SYMBOLS_PRIVATE_EXTERN = NO;
				GCC_WARN_64_TO_32_BIT_CONVERSION = YES;
				GCC_WARN_ABOUT_RETURN_TYPE = YES_ERROR;
				GCC_WARN_UNDECLARED_SELECTOR = YES;
				GCC_WARN_UNINITIALIZED_AUTOS = YES_AGGRESSIVE;
				GCC_WARN_UNUSED_FUNCTION = YES;
				GCC_WARN_UNUSED_VARIABLE = YES;
				IPHONEOS_DEPLOYMENT_TARGET = 8.1;
				MTL_ENABLE_DEBUG_INFO = YES;
				ONLY_ACTIVE_ARCH = YES;
				SDKROOT = iphoneos;
			};
			name = Debug;
		};
		4C7175361A081334002AC734 /* Release */ = {
			isa = XCBuildConfiguration;
			buildSettings = {
				ALWAYS_SEARCH_USER_PATHS = NO;
				CLANG_CXX_LANGUAGE_STANDARD = "gnu++0x";
				CLANG_CXX_LIBRARY = "libc++";
				CLANG_ENABLE_MODULES = YES;
				CLANG_ENABLE_OBJC_ARC = YES;
				CLANG_WARN_BOOL_CONVERSION = YES;
				CLANG_WARN_CONSTANT_CONVERSION = YES;
				CLANG_WARN_DIRECT_OBJC_ISA_USAGE = YES_ERROR;
				CLANG_WARN_EMPTY_BODY = YES;
				CLANG_WARN_ENUM_CONVERSION = YES;
				CLANG_WARN_INT_CONVERSION = YES;
				CLANG_WARN_OBJC_ROOT_CLASS = YES_ERROR;
				CLANG_WARN_UNREACHABLE_CODE = YES;
				CLANG_WARN__DUPLICATE_METHOD_MATCH = YES;
				"CODE_SIGN_IDENTITY[sdk=iphoneos*]" = "iPhone Developer";
				COPY_PHASE_STRIP = YES;
				ENABLE_NS_ASSERTIONS = NO;
				ENABLE_STRICT_OBJC_MSGSEND = YES;
				GCC_C_LANGUAGE_STANDARD = gnu99;
				GCC_WARN_64_TO_32_BIT_CONVERSION = YES;
				GCC_WARN_ABOUT_RETURN_TYPE = YES_ERROR;
				GCC_WARN_UNDECLARED_SELECTOR = YES;
				GCC_WARN_UNINITIALIZED_AUTOS = YES_AGGRESSIVE;
				GCC_WARN_UNUSED_FUNCTION = YES;
				GCC_WARN_UNUSED_VARIABLE = YES;
				IPHONEOS_DEPLOYMENT_TARGET = 8.1;
				MTL_ENABLE_DEBUG_INFO = NO;
				SDKROOT = iphoneos;
				VALIDATE_PRODUCT = YES;
			};
			name = Release;
		};
		4C7175381A081334002AC734 /* Debug */ = {
			isa = XCBuildConfiguration;
			baseConfigurationReference = 7FA98B5EB640F8B16A99CBF9 /* Pods.debug.xcconfig */;
			buildSettings = {
				ASSETCATALOG_COMPILER_APPICON_NAME = AppIcon;
				CODE_SIGN_IDENTITY = "";
				FRAMEWORK_SEARCH_PATHS = "$(PROJECT_DIR)/PersonalDriver";
				INFOPLIST_FILE = PersonalDriver/Info.plist;
				LD_RUNPATH_SEARCH_PATHS = "$(inherited) @executable_path/Frameworks";
				PRODUCT_NAME = "$(TARGET_NAME)";
				PROVISIONING_PROFILE = "e574a9fa-8751-4952-96e7-34c263bbf5ea";
			};
			name = Debug;
		};
		4C7175391A081334002AC734 /* Release */ = {
			isa = XCBuildConfiguration;
			baseConfigurationReference = 2173130ED3E5D01E966E8968 /* Pods.release.xcconfig */;
			buildSettings = {
				ASSETCATALOG_COMPILER_APPICON_NAME = AppIcon;
				CODE_SIGN_IDENTITY = "";
				FRAMEWORK_SEARCH_PATHS = "$(PROJECT_DIR)/PersonalDriver";
				INFOPLIST_FILE = PersonalDriver/Info.plist;
				LD_RUNPATH_SEARCH_PATHS = "$(inherited) @executable_path/Frameworks";
				PRODUCT_NAME = "$(TARGET_NAME)";
				PROVISIONING_PROFILE = "e574a9fa-8751-4952-96e7-34c263bbf5ea";
			};
			name = Release;
		};
		4C71753B1A081334002AC734 /* Debug */ = {
			isa = XCBuildConfiguration;
			buildSettings = {
				BUNDLE_LOADER = "$(TEST_HOST)";
				FRAMEWORK_SEARCH_PATHS = (
					"$(SDKROOT)/Developer/Library/Frameworks",
					"$(inherited)",
				);
				GCC_PREPROCESSOR_DEFINITIONS = (
					"DEBUG=1",
					"$(inherited)",
				);
				INFOPLIST_FILE = PersonalDriverTests/Info.plist;
				LD_RUNPATH_SEARCH_PATHS = "$(inherited) @executable_path/Frameworks @loader_path/Frameworks";
				PRODUCT_NAME = "$(TARGET_NAME)";
				TEST_HOST = "$(BUILT_PRODUCTS_DIR)/PersonalDriver.app/PersonalDriver";
			};
			name = Debug;
		};
		4C71753C1A081334002AC734 /* Release */ = {
			isa = XCBuildConfiguration;
			buildSettings = {
				BUNDLE_LOADER = "$(TEST_HOST)";
				FRAMEWORK_SEARCH_PATHS = (
					"$(SDKROOT)/Developer/Library/Frameworks",
					"$(inherited)",
				);
				INFOPLIST_FILE = PersonalDriverTests/Info.plist;
				LD_RUNPATH_SEARCH_PATHS = "$(inherited) @executable_path/Frameworks @loader_path/Frameworks";
				PRODUCT_NAME = "$(TARGET_NAME)";
				TEST_HOST = "$(BUILT_PRODUCTS_DIR)/PersonalDriver.app/PersonalDriver";
			};
			name = Release;
		};
/* End XCBuildConfiguration section */

/* Begin XCConfigurationList section */
		4C71750C1A081334002AC734 /* Build configuration list for PBXProject "PersonalDriver" */ = {
			isa = XCConfigurationList;
			buildConfigurations = (
				4C7175351A081334002AC734 /* Debug */,
				4C7175361A081334002AC734 /* Release */,
			);
			defaultConfigurationIsVisible = 0;
			defaultConfigurationName = Release;
		};
		4C7175371A081334002AC734 /* Build configuration list for PBXNativeTarget "PersonalDriver" */ = {
			isa = XCConfigurationList;
			buildConfigurations = (
				4C7175381A081334002AC734 /* Debug */,
				4C7175391A081334002AC734 /* Release */,
			);
			defaultConfigurationIsVisible = 0;
			defaultConfigurationName = Release;
		};
		4C71753A1A081334002AC734 /* Build configuration list for PBXNativeTarget "PersonalDriverTests" */ = {
			isa = XCConfigurationList;
			buildConfigurations = (
				4C71753B1A081334002AC734 /* Debug */,
				4C71753C1A081334002AC734 /* Release */,
			);
			defaultConfigurationIsVisible = 0;
			defaultConfigurationName = Release;
		};
/* End XCConfigurationList section */

/* Begin XCVersionGroup section */
		4C71751B1A081334002AC734 /* PersonalDriver.xcdatamodeld */ = {
			isa = XCVersionGroup;
			children = (
				4C71751C1A081334002AC734 /* PersonalDriver.xcdatamodel */,
			);
			currentVersion = 4C71751C1A081334002AC734 /* PersonalDriver.xcdatamodel */;
			path = PersonalDriver.xcdatamodeld;
			sourceTree = "<group>";
			versionGroupType = wrapper.xcdatamodel;
		};
/* End XCVersionGroup section */
	};
	rootObject = 4C7175091A081334002AC734 /* Project object */;
}
