// !$*UTF8*$!
{
	archiveVersion = 1;
	classes = {
	};
	objectVersion = 46;
	objects = {

/* Begin PBXBuildFile section */
		4C7175171A081334002AC734 /* main.m in Sources */ = {isa = PBXBuildFile; fileRef = 4C7175161A081334002AC734 /* main.m */; };
		4C71751A1A081334002AC734 /* AppDelegate.m in Sources */ = {isa = PBXBuildFile; fileRef = 4C7175191A081334002AC734 /* AppDelegate.m */; };
		4C71751D1A081334002AC734 /* PersonalDriver.xcdatamodeld in Sources */ = {isa = PBXBuildFile; fileRef = 4C71751B1A081334002AC734 /* PersonalDriver.xcdatamodeld */; };
		4C7175201A081334002AC734 /* ViewController.m in Sources */ = {isa = PBXBuildFile; fileRef = 4C71751F1A081334002AC734 /* ViewController.m */; };
		4C7175231A081334002AC734 /* Main.storyboard in Resources */ = {isa = PBXBuildFile; fileRef = 4C7175211A081334002AC734 /* Main.storyboard */; };
		4C7175251A081334002AC734 /* Images.xcassets in Resources */ = {isa = PBXBuildFile; fileRef = 4C7175241A081334002AC734 /* Images.xcassets */; };
		4C7175281A081334002AC734 /* LaunchScreen.xib in Resources */ = {isa = PBXBuildFile; fileRef = 4C7175261A081334002AC734 /* LaunchScreen.xib */; };
		4C7175341A081334002AC734 /* PersonalDriverTests.m in Sources */ = {isa = PBXBuildFile; fileRef = 4C7175331A081334002AC734 /* PersonalDriverTests.m */; };
		CE19D8481A081E5D00874F56 /* SignupViewController.m in Sources */ = {isa = PBXBuildFile; fileRef = CE19D8471A081E5D00874F56 /* SignupViewController.m */; };
		CE19D92F1A0857AF00874F56 /* UberActivity.m in Sources */ = {isa = PBXBuildFile; fileRef = CE19D9031A0857AF00874F56 /* UberActivity.m */; };
		CE19D9301A0857AF00874F56 /* UberPrice.m in Sources */ = {isa = PBXBuildFile; fileRef = CE19D9051A0857AF00874F56 /* UberPrice.m */; };
		CE19D9311A0857AF00874F56 /* UberProduct.m in Sources */ = {isa = PBXBuildFile; fileRef = CE19D9071A0857AF00874F56 /* UberProduct.m */; };
		CE19D9321A0857AF00874F56 /* UberProfile.m in Sources */ = {isa = PBXBuildFile; fileRef = CE19D9091A0857AF00874F56 /* UberProfile.m */; };
		CE19D9331A0857AF00874F56 /* UberTime.m in Sources */ = {isa = PBXBuildFile; fileRef = CE19D90B1A0857AF00874F56 /* UberTime.m */; };
		CE19D9341A0857AF00874F56 /* NSData+NXOAuth2.m in Sources */ = {isa = PBXBuildFile; fileRef = CE19D90E1A0857AF00874F56 /* NSData+NXOAuth2.m */; };
		CE19D9351A0857AF00874F56 /* NSString+NXOAuth2.m in Sources */ = {isa = PBXBuildFile; fileRef = CE19D9101A0857AF00874F56 /* NSString+NXOAuth2.m */; };
		CE19D9361A0857AF00874F56 /* NSURL+NXOAuth2.m in Sources */ = {isa = PBXBuildFile; fileRef = CE19D9121A0857AF00874F56 /* NSURL+NXOAuth2.m */; };
		CE19D9371A0857AF00874F56 /* NXOAuth2AccessToken.m in Sources */ = {isa = PBXBuildFile; fileRef = CE19D9151A0857AF00874F56 /* NXOAuth2AccessToken.m */; };
		CE19D9381A0857AF00874F56 /* NXOAuth2Account.m in Sources */ = {isa = PBXBuildFile; fileRef = CE19D9181A0857AF00874F56 /* NXOAuth2Account.m */; };
		CE19D9391A0857AF00874F56 /* NXOAuth2AccountStore.m in Sources */ = {isa = PBXBuildFile; fileRef = CE19D91A1A0857AF00874F56 /* NXOAuth2AccountStore.m */; };
		CE19D93A1A0857AF00874F56 /* NXOAuth2Client.m in Sources */ = {isa = PBXBuildFile; fileRef = CE19D91C1A0857AF00874F56 /* NXOAuth2Client.m */; };
		CE19D93B1A0857AF00874F56 /* NXOAuth2Connection.m in Sources */ = {isa = PBXBuildFile; fileRef = CE19D91F1A0857AF00874F56 /* NXOAuth2Connection.m */; };
		CE19D93C1A0857AF00874F56 /* NXOAuth2Constants.m in Sources */ = {isa = PBXBuildFile; fileRef = CE19D9221A0857AF00874F56 /* NXOAuth2Constants.m */; };
		CE19D93D1A0857AF00874F56 /* NXOAuth2FileStreamWrapper.m in Sources */ = {isa = PBXBuildFile; fileRef = CE19D9241A0857AF00874F56 /* NXOAuth2FileStreamWrapper.m */; };
		CE19D93E1A0857AF00874F56 /* NXOAuth2PostBodyPart.m in Sources */ = {isa = PBXBuildFile; fileRef = CE19D9261A0857AF00874F56 /* NXOAuth2PostBodyPart.m */; };
		CE19D93F1A0857AF00874F56 /* NXOAuth2PostBodyStream.m in Sources */ = {isa = PBXBuildFile; fileRef = CE19D9281A0857AF00874F56 /* NXOAuth2PostBodyStream.m */; };
		CE19D9401A0857AF00874F56 /* NXOAuth2Request.m in Sources */ = {isa = PBXBuildFile; fileRef = CE19D92A1A0857AF00874F56 /* NXOAuth2Request.m */; };
		CE19D9411A0857AF00874F56 /* UberKit.m in Sources */ = {isa = PBXBuildFile; fileRef = CE19D92E1A0857AF00874F56 /* UberKit.m */; };
/* End PBXBuildFile section */

/* Begin PBXContainerItemProxy section */
		4C71752E1A081334002AC734 /* PBXContainerItemProxy */ = {
			isa = PBXContainerItemProxy;
			containerPortal = 4C7175091A081334002AC734 /* Project object */;
			proxyType = 1;
			remoteGlobalIDString = 4C7175101A081334002AC734;
			remoteInfo = PersonalDriver;
		};
/* End PBXContainerItemProxy section */

/* Begin PBXFileReference section */
		4C7175111A081334002AC734 /* PersonalDriver.app */ = {isa = PBXFileReference; explicitFileType = wrapper.application; includeInIndex = 0; path = PersonalDriver.app; sourceTree = BUILT_PRODUCTS_DIR; };
		4C7175151A081334002AC734 /* Info.plist */ = {isa = PBXFileReference; lastKnownFileType = text.plist.xml; path = Info.plist; sourceTree = "<group>"; };
		4C7175161A081334002AC734 /* main.m */ = {isa = PBXFileReference; lastKnownFileType = sourcecode.c.objc; path = main.m; sourceTree = "<group>"; };
		4C7175181A081334002AC734 /* AppDelegate.h */ = {isa = PBXFileReference; lastKnownFileType = sourcecode.c.h; path = AppDelegate.h; sourceTree = "<group>"; };
		4C7175191A081334002AC734 /* AppDelegate.m */ = {isa = PBXFileReference; lastKnownFileType = sourcecode.c.objc; path = AppDelegate.m; sourceTree = "<group>"; };
		4C71751C1A081334002AC734 /* PersonalDriver.xcdatamodel */ = {isa = PBXFileReference; lastKnownFileType = wrapper.xcdatamodel; path = PersonalDriver.xcdatamodel; sourceTree = "<group>"; };
		4C71751E1A081334002AC734 /* ViewController.h */ = {isa = PBXFileReference; lastKnownFileType = sourcecode.c.h; path = ViewController.h; sourceTree = "<group>"; };
		4C71751F1A081334002AC734 /* ViewController.m */ = {isa = PBXFileReference; lastKnownFileType = sourcecode.c.objc; path = ViewController.m; sourceTree = "<group>"; };
		4C7175221A081334002AC734 /* Base */ = {isa = PBXFileReference; lastKnownFileType = file.storyboard; name = Base; path = Base.lproj/Main.storyboard; sourceTree = "<group>"; };
		4C7175241A081334002AC734 /* Images.xcassets */ = {isa = PBXFileReference; lastKnownFileType = folder.assetcatalog; path = Images.xcassets; sourceTree = "<group>"; };
		4C7175271A081334002AC734 /* Base */ = {isa = PBXFileReference; lastKnownFileType = file.xib; name = Base; path = Base.lproj/LaunchScreen.xib; sourceTree = "<group>"; };
		4C71752D1A081334002AC734 /* PersonalDriverTests.xctest */ = {isa = PBXFileReference; explicitFileType = wrapper.cfbundle; includeInIndex = 0; path = PersonalDriverTests.xctest; sourceTree = BUILT_PRODUCTS_DIR; };
		4C7175321A081334002AC734 /* Info.plist */ = {isa = PBXFileReference; lastKnownFileType = text.plist.xml; path = Info.plist; sourceTree = "<group>"; };
		4C7175331A081334002AC734 /* PersonalDriverTests.m */ = {isa = PBXFileReference; lastKnownFileType = sourcecode.c.objc; path = PersonalDriverTests.m; sourceTree = "<group>"; };
		CE19D8461A081E5D00874F56 /* SignupViewController.h */ = {isa = PBXFileReference; fileEncoding = 4; lastKnownFileType = sourcecode.c.h; path = SignupViewController.h; sourceTree = "<group>"; };
		CE19D8471A081E5D00874F56 /* SignupViewController.m */ = {isa = PBXFileReference; fileEncoding = 4; lastKnownFileType = sourcecode.c.objc; path = SignupViewController.m; sourceTree = "<group>"; };
		CE19D9021A0857AF00874F56 /* UberActivity.h */ = {isa = PBXFileReference; fileEncoding = 4; lastKnownFileType = sourcecode.c.h; path = UberActivity.h; sourceTree = "<group>"; };
		CE19D9031A0857AF00874F56 /* UberActivity.m */ = {isa = PBXFileReference; fileEncoding = 4; lastKnownFileType = sourcecode.c.objc; path = UberActivity.m; sourceTree = "<group>"; };
		CE19D9041A0857AF00874F56 /* UberPrice.h */ = {isa = PBXFileReference; fileEncoding = 4; lastKnownFileType = sourcecode.c.h; path = UberPrice.h; sourceTree = "<group>"; };
		CE19D9051A0857AF00874F56 /* UberPrice.m */ = {isa = PBXFileReference; fileEncoding = 4; lastKnownFileType = sourcecode.c.objc; path = UberPrice.m; sourceTree = "<group>"; };
		CE19D9061A0857AF00874F56 /* UberProduct.h */ = {isa = PBXFileReference; fileEncoding = 4; lastKnownFileType = sourcecode.c.h; path = UberProduct.h; sourceTree = "<group>"; };
		CE19D9071A0857AF00874F56 /* UberProduct.m */ = {isa = PBXFileReference; fileEncoding = 4; lastKnownFileType = sourcecode.c.objc; path = UberProduct.m; sourceTree = "<group>"; };
		CE19D9081A0857AF00874F56 /* UberProfile.h */ = {isa = PBXFileReference; fileEncoding = 4; lastKnownFileType = sourcecode.c.h; path = UberProfile.h; sourceTree = "<group>"; };
		CE19D9091A0857AF00874F56 /* UberProfile.m */ = {isa = PBXFileReference; fileEncoding = 4; lastKnownFileType = sourcecode.c.objc; path = UberProfile.m; sourceTree = "<group>"; };
		CE19D90A1A0857AF00874F56 /* UberTime.h */ = {isa = PBXFileReference; fileEncoding = 4; lastKnownFileType = sourcecode.c.h; path = UberTime.h; sourceTree = "<group>"; };
		CE19D90B1A0857AF00874F56 /* UberTime.m */ = {isa = PBXFileReference; fileEncoding = 4; lastKnownFileType = sourcecode.c.objc; path = UberTime.m; sourceTree = "<group>"; };
		CE19D90D1A0857AF00874F56 /* NSData+NXOAuth2.h */ = {isa = PBXFileReference; fileEncoding = 4; lastKnownFileType = sourcecode.c.h; path = "NSData+NXOAuth2.h"; sourceTree = "<group>"; };
		CE19D90E1A0857AF00874F56 /* NSData+NXOAuth2.m */ = {isa = PBXFileReference; fileEncoding = 4; lastKnownFileType = sourcecode.c.objc; path = "NSData+NXOAuth2.m"; sourceTree = "<group>"; };
		CE19D90F1A0857AF00874F56 /* NSString+NXOAuth2.h */ = {isa = PBXFileReference; fileEncoding = 4; lastKnownFileType = sourcecode.c.h; path = "NSString+NXOAuth2.h"; sourceTree = "<group>"; };
		CE19D9101A0857AF00874F56 /* NSString+NXOAuth2.m */ = {isa = PBXFileReference; fileEncoding = 4; lastKnownFileType = sourcecode.c.objc; path = "NSString+NXOAuth2.m"; sourceTree = "<group>"; };
		CE19D9111A0857AF00874F56 /* NSURL+NXOAuth2.h */ = {isa = PBXFileReference; fileEncoding = 4; lastKnownFileType = sourcecode.c.h; path = "NSURL+NXOAuth2.h"; sourceTree = "<group>"; };
		CE19D9121A0857AF00874F56 /* NSURL+NXOAuth2.m */ = {isa = PBXFileReference; fileEncoding = 4; lastKnownFileType = sourcecode.c.objc; path = "NSURL+NXOAuth2.m"; sourceTree = "<group>"; };
		CE19D9131A0857AF00874F56 /* NXOAuth2.h */ = {isa = PBXFileReference; fileEncoding = 4; lastKnownFileType = sourcecode.c.h; path = NXOAuth2.h; sourceTree = "<group>"; };
		CE19D9141A0857AF00874F56 /* NXOAuth2AccessToken.h */ = {isa = PBXFileReference; fileEncoding = 4; lastKnownFileType = sourcecode.c.h; path = NXOAuth2AccessToken.h; sourceTree = "<group>"; };
		CE19D9151A0857AF00874F56 /* NXOAuth2AccessToken.m */ = {isa = PBXFileReference; fileEncoding = 4; lastKnownFileType = sourcecode.c.objc; path = NXOAuth2AccessToken.m; sourceTree = "<group>"; };
		CE19D9161A0857AF00874F56 /* NXOAuth2Account+Private.h */ = {isa = PBXFileReference; fileEncoding = 4; lastKnownFileType = sourcecode.c.h; path = "NXOAuth2Account+Private.h"; sourceTree = "<group>"; };
		CE19D9171A0857AF00874F56 /* NXOAuth2Account.h */ = {isa = PBXFileReference; fileEncoding = 4; lastKnownFileType = sourcecode.c.h; path = NXOAuth2Account.h; sourceTree = "<group>"; };
		CE19D9181A0857AF00874F56 /* NXOAuth2Account.m */ = {isa = PBXFileReference; fileEncoding = 4; lastKnownFileType = sourcecode.c.objc; path = NXOAuth2Account.m; sourceTree = "<group>"; };
		CE19D9191A0857AF00874F56 /* NXOAuth2AccountStore.h */ = {isa = PBXFileReference; fileEncoding = 4; lastKnownFileType = sourcecode.c.h; path = NXOAuth2AccountStore.h; sourceTree = "<group>"; };
		CE19D91A1A0857AF00874F56 /* NXOAuth2AccountStore.m */ = {isa = PBXFileReference; fileEncoding = 4; lastKnownFileType = sourcecode.c.objc; path = NXOAuth2AccountStore.m; sourceTree = "<group>"; };
		CE19D91B1A0857AF00874F56 /* NXOAuth2Client.h */ = {isa = PBXFileReference; fileEncoding = 4; lastKnownFileType = sourcecode.c.h; path = NXOAuth2Client.h; sourceTree = "<group>"; };
		CE19D91C1A0857AF00874F56 /* NXOAuth2Client.m */ = {isa = PBXFileReference; fileEncoding = 4; lastKnownFileType = sourcecode.c.objc; path = NXOAuth2Client.m; sourceTree = "<group>"; };
		CE19D91D1A0857AF00874F56 /* NXOAuth2ClientDelegate.h */ = {isa = PBXFileReference; fileEncoding = 4; lastKnownFileType = sourcecode.c.h; path = NXOAuth2ClientDelegate.h; sourceTree = "<group>"; };
		CE19D91E1A0857AF00874F56 /* NXOAuth2Connection.h */ = {isa = PBXFileReference; fileEncoding = 4; lastKnownFileType = sourcecode.c.h; path = NXOAuth2Connection.h; sourceTree = "<group>"; };
		CE19D91F1A0857AF00874F56 /* NXOAuth2Connection.m */ = {isa = PBXFileReference; fileEncoding = 4; lastKnownFileType = sourcecode.c.objc; path = NXOAuth2Connection.m; sourceTree = "<group>"; };
		CE19D9201A0857AF00874F56 /* NXOAuth2ConnectionDelegate.h */ = {isa = PBXFileReference; fileEncoding = 4; lastKnownFileType = sourcecode.c.h; path = NXOAuth2ConnectionDelegate.h; sourceTree = "<group>"; };
		CE19D9211A0857AF00874F56 /* NXOAuth2Constants.h */ = {isa = PBXFileReference; fileEncoding = 4; lastKnownFileType = sourcecode.c.h; path = NXOAuth2Constants.h; sourceTree = "<group>"; };
		CE19D9221A0857AF00874F56 /* NXOAuth2Constants.m */ = {isa = PBXFileReference; fileEncoding = 4; lastKnownFileType = sourcecode.c.objc; path = NXOAuth2Constants.m; sourceTree = "<group>"; };
		CE19D9231A0857AF00874F56 /* NXOAuth2FileStreamWrapper.h */ = {isa = PBXFileReference; fileEncoding = 4; lastKnownFileType = sourcecode.c.h; path = NXOAuth2FileStreamWrapper.h; sourceTree = "<group>"; };
		CE19D9241A0857AF00874F56 /* NXOAuth2FileStreamWrapper.m */ = {isa = PBXFileReference; fileEncoding = 4; lastKnownFileType = sourcecode.c.objc; path = NXOAuth2FileStreamWrapper.m; sourceTree = "<group>"; };
		CE19D9251A0857AF00874F56 /* NXOAuth2PostBodyPart.h */ = {isa = PBXFileReference; fileEncoding = 4; lastKnownFileType = sourcecode.c.h; path = NXOAuth2PostBodyPart.h; sourceTree = "<group>"; };
		CE19D9261A0857AF00874F56 /* NXOAuth2PostBodyPart.m */ = {isa = PBXFileReference; fileEncoding = 4; lastKnownFileType = sourcecode.c.objc; path = NXOAuth2PostBodyPart.m; sourceTree = "<group>"; };
		CE19D9271A0857AF00874F56 /* NXOAuth2PostBodyStream.h */ = {isa = PBXFileReference; fileEncoding = 4; lastKnownFileType = sourcecode.c.h; path = NXOAuth2PostBodyStream.h; sourceTree = "<group>"; };
		CE19D9281A0857AF00874F56 /* NXOAuth2PostBodyStream.m */ = {isa = PBXFileReference; fileEncoding = 4; lastKnownFileType = sourcecode.c.objc; path = NXOAuth2PostBodyStream.m; sourceTree = "<group>"; };
		CE19D9291A0857AF00874F56 /* NXOAuth2Request.h */ = {isa = PBXFileReference; fileEncoding = 4; lastKnownFileType = sourcecode.c.h; path = NXOAuth2Request.h; sourceTree = "<group>"; };
		CE19D92A1A0857AF00874F56 /* NXOAuth2Request.m */ = {isa = PBXFileReference; fileEncoding = 4; lastKnownFileType = sourcecode.c.objc; path = NXOAuth2Request.m; sourceTree = "<group>"; };
		CE19D92B1A0857AF00874F56 /* NXOAuth2TrustDelegate.h */ = {isa = PBXFileReference; fileEncoding = 4; lastKnownFileType = sourcecode.c.h; path = NXOAuth2TrustDelegate.h; sourceTree = "<group>"; };
		CE19D92C1A0857AF00874F56 /* OAuth2Client_Prefix.pch */ = {isa = PBXFileReference; fileEncoding = 4; lastKnownFileType = sourcecode.c.h; path = OAuth2Client_Prefix.pch; sourceTree = "<group>"; };
		CE19D92D1A0857AF00874F56 /* UberKit.h */ = {isa = PBXFileReference; fileEncoding = 4; lastKnownFileType = sourcecode.c.h; path = UberKit.h; sourceTree = "<group>"; };
		CE19D92E1A0857AF00874F56 /* UberKit.m */ = {isa = PBXFileReference; fileEncoding = 4; lastKnownFileType = sourcecode.c.objc; path = UberKit.m; sourceTree = "<group>"; };
/* End PBXFileReference section */

/* Begin PBXFrameworksBuildPhase section */
		4C71750E1A081334002AC734 /* Frameworks */ = {
			isa = PBXFrameworksBuildPhase;
			buildActionMask = 2147483647;
			files = (
			);
			runOnlyForDeploymentPostprocessing = 0;
		};
		4C71752A1A081334002AC734 /* Frameworks */ = {
			isa = PBXFrameworksBuildPhase;
			buildActionMask = 2147483647;
			files = (
			);
			runOnlyForDeploymentPostprocessing = 0;
		};
/* End PBXFrameworksBuildPhase section */

/* Begin PBXGroup section */
		4C7175081A081334002AC734 = {
			isa = PBXGroup;
			children = (
				4C7175131A081334002AC734 /* PersonalDriver */,
				4C7175301A081334002AC734 /* PersonalDriverTests */,
				4C7175121A081334002AC734 /* Products */,
			);
			sourceTree = "<group>";
		};
		4C7175121A081334002AC734 /* Products */ = {
			isa = PBXGroup;
			children = (
				4C7175111A081334002AC734 /* PersonalDriver.app */,
				4C71752D1A081334002AC734 /* PersonalDriverTests.xctest */,
			);
			name = Products;
			sourceTree = "<group>";
		};
		4C7175131A081334002AC734 /* PersonalDriver */ = {
			isa = PBXGroup;
			children = (
				4C7175211A081334002AC734 /* Main.storyboard */,
				CE19D8461A081E5D00874F56 /* SignupViewController.h */,
				CE19D8471A081E5D00874F56 /* SignupViewController.m */,
				4C7175181A081334002AC734 /* AppDelegate.h */,
				4C7175191A081334002AC734 /* AppDelegate.m */,
				4C71751E1A081334002AC734 /* ViewController.h */,
				4C71751F1A081334002AC734 /* ViewController.m */,
				4C7175241A081334002AC734 /* Images.xcassets */,
				4C7175261A081334002AC734 /* LaunchScreen.xib */,
				4C71751B1A081334002AC734 /* PersonalDriver.xcdatamodeld */,
				CE19D8FF1A084D5A00874F56 /* Frameworks */,
				4C7175141A081334002AC734 /* Supporting Files */,
			);
			path = PersonalDriver;
			sourceTree = "<group>";
		};
		4C7175141A081334002AC734 /* Supporting Files */ = {
			isa = PBXGroup;
			children = (
				4C7175151A081334002AC734 /* Info.plist */,
				4C7175161A081334002AC734 /* main.m */,
			);
			name = "Supporting Files";
			sourceTree = "<group>";
		};
		4C7175301A081334002AC734 /* PersonalDriverTests */ = {
			isa = PBXGroup;
			children = (
				4C7175331A081334002AC734 /* PersonalDriverTests.m */,
				4C7175311A081334002AC734 /* Supporting Files */,
			);
			path = PersonalDriverTests;
			sourceTree = "<group>";
		};
		4C7175311A081334002AC734 /* Supporting Files */ = {
			isa = PBXGroup;
			children = (
				4C7175321A081334002AC734 /* Info.plist */,
			);
			name = "Supporting Files";
			sourceTree = "<group>";
		};
		CE19D8FF1A084D5A00874F56 /* Frameworks */ = {
			isa = PBXGroup;
			children = (
				CE19D9001A0857AF00874F56 /* UberKit */,
			);
			name = Frameworks;
			sourceTree = "<group>";
		};
		CE19D9001A0857AF00874F56 /* UberKit */ = {
			isa = PBXGroup;
			children = (
				CE19D9011A0857AF00874F56 /* Model */,
				CE19D90C1A0857AF00874F56 /* OAuth2Client */,
				CE19D92D1A0857AF00874F56 /* UberKit.h */,
				CE19D92E1A0857AF00874F56 /* UberKit.m */,
			);
			path = UberKit;
			sourceTree = "<group>";
		};
		CE19D9011A0857AF00874F56 /* Model */ = {
			isa = PBXGroup;
			children = (
				CE19D9021A0857AF00874F56 /* UberActivity.h */,
				CE19D9031A0857AF00874F56 /* UberActivity.m */,
				CE19D9041A0857AF00874F56 /* UberPrice.h */,
				CE19D9051A0857AF00874F56 /* UberPrice.m */,
				CE19D9061A0857AF00874F56 /* UberProduct.h */,
				CE19D9071A0857AF00874F56 /* UberProduct.m */,
				CE19D9081A0857AF00874F56 /* UberProfile.h */,
				CE19D9091A0857AF00874F56 /* UberProfile.m */,
				CE19D90A1A0857AF00874F56 /* UberTime.h */,
				CE19D90B1A0857AF00874F56 /* UberTime.m */,
			);
			path = Model;
			sourceTree = "<group>";
		};
		CE19D90C1A0857AF00874F56 /* OAuth2Client */ = {
			isa = PBXGroup;
			children = (
				CE19D90D1A0857AF00874F56 /* NSData+NXOAuth2.h */,
				CE19D90E1A0857AF00874F56 /* NSData+NXOAuth2.m */,
				CE19D90F1A0857AF00874F56 /* NSString+NXOAuth2.h */,
				CE19D9101A0857AF00874F56 /* NSString+NXOAuth2.m */,
				CE19D9111A0857AF00874F56 /* NSURL+NXOAuth2.h */,
				CE19D9121A0857AF00874F56 /* NSURL+NXOAuth2.m */,
				CE19D9131A0857AF00874F56 /* NXOAuth2.h */,
				CE19D9141A0857AF00874F56 /* NXOAuth2AccessToken.h */,
				CE19D9151A0857AF00874F56 /* NXOAuth2AccessToken.m */,
				CE19D9161A0857AF00874F56 /* NXOAuth2Account+Private.h */,
				CE19D9171A0857AF00874F56 /* NXOAuth2Account.h */,
				CE19D9181A0857AF00874F56 /* NXOAuth2Account.m */,
				CE19D9191A0857AF00874F56 /* NXOAuth2AccountStore.h */,
				CE19D91A1A0857AF00874F56 /* NXOAuth2AccountStore.m */,
				CE19D91B1A0857AF00874F56 /* NXOAuth2Client.h */,
				CE19D91C1A0857AF00874F56 /* NXOAuth2Client.m */,
				CE19D91D1A0857AF00874F56 /* NXOAuth2ClientDelegate.h */,
				CE19D91E1A0857AF00874F56 /* NXOAuth2Connection.h */,
				CE19D91F1A0857AF00874F56 /* NXOAuth2Connection.m */,
				CE19D9201A0857AF00874F56 /* NXOAuth2ConnectionDelegate.h */,
				CE19D9211A0857AF00874F56 /* NXOAuth2Constants.h */,
				CE19D9221A0857AF00874F56 /* NXOAuth2Constants.m */,
				CE19D9231A0857AF00874F56 /* NXOAuth2FileStreamWrapper.h */,
				CE19D9241A0857AF00874F56 /* NXOAuth2FileStreamWrapper.m */,
				CE19D9251A0857AF00874F56 /* NXOAuth2PostBodyPart.h */,
				CE19D9261A0857AF00874F56 /* NXOAuth2PostBodyPart.m */,
				CE19D9271A0857AF00874F56 /* NXOAuth2PostBodyStream.h */,
				CE19D9281A0857AF00874F56 /* NXOAuth2PostBodyStream.m */,
				CE19D9291A0857AF00874F56 /* NXOAuth2Request.h */,
				CE19D92A1A0857AF00874F56 /* NXOAuth2Request.m */,
				CE19D92B1A0857AF00874F56 /* NXOAuth2TrustDelegate.h */,
				CE19D92C1A0857AF00874F56 /* OAuth2Client_Prefix.pch */,
			);
			path = OAuth2Client;
			sourceTree = "<group>";
		};
/* End PBXGroup section */

/* Begin PBXNativeTarget section */
		4C7175101A081334002AC734 /* PersonalDriver */ = {
			isa = PBXNativeTarget;
			buildConfigurationList = 4C7175371A081334002AC734 /* Build configuration list for PBXNativeTarget "PersonalDriver" */;
			buildPhases = (
				4C71750D1A081334002AC734 /* Sources */,
				4C71750E1A081334002AC734 /* Frameworks */,
				4C71750F1A081334002AC734 /* Resources */,
			);
			buildRules = (
			);
			dependencies = (
			);
			name = PersonalDriver;
			productName = PersonalDriver;
			productReference = 4C7175111A081334002AC734 /* PersonalDriver.app */;
			productType = "com.apple.product-type.application";
		};
		4C71752C1A081334002AC734 /* PersonalDriverTests */ = {
			isa = PBXNativeTarget;
			buildConfigurationList = 4C71753A1A081334002AC734 /* Build configuration list for PBXNativeTarget "PersonalDriverTests" */;
			buildPhases = (
				4C7175291A081334002AC734 /* Sources */,
				4C71752A1A081334002AC734 /* Frameworks */,
				4C71752B1A081334002AC734 /* Resources */,
			);
			buildRules = (
			);
			dependencies = (
				4C71752F1A081334002AC734 /* PBXTargetDependency */,
			);
			name = PersonalDriverTests;
			productName = PersonalDriverTests;
			productReference = 4C71752D1A081334002AC734 /* PersonalDriverTests.xctest */;
			productType = "com.apple.product-type.bundle.unit-test";
		};
/* End PBXNativeTarget section */

/* Begin PBXProject section */
		4C7175091A081334002AC734 /* Project object */ = {
			isa = PBXProject;
			attributes = {
				LastUpgradeCheck = 0610;
				ORGANIZATIONNAME = TeamPersonalDriver;
				TargetAttributes = {
					4C7175101A081334002AC734 = {
						CreatedOnToolsVersion = 6.1;
					};
					4C71752C1A081334002AC734 = {
						CreatedOnToolsVersion = 6.1;
						TestTargetID = 4C7175101A081334002AC734;
					};
				};
			};
			buildConfigurationList = 4C71750C1A081334002AC734 /* Build configuration list for PBXProject "PersonalDriver" */;
			compatibilityVersion = "Xcode 3.2";
			developmentRegion = English;
			hasScannedForEncodings = 0;
			knownRegions = (
				en,
				Base,
			);
			mainGroup = 4C7175081A081334002AC734;
			productRefGroup = 4C7175121A081334002AC734 /* Products */;
			projectDirPath = "";
			projectRoot = "";
			targets = (
				4C7175101A081334002AC734 /* PersonalDriver */,
				4C71752C1A081334002AC734 /* PersonalDriverTests */,
			);
		};
/* End PBXProject section */

/* Begin PBXResourcesBuildPhase section */
		4C71750F1A081334002AC734 /* Resources */ = {
			isa = PBXResourcesBuildPhase;
			buildActionMask = 2147483647;
			files = (
				4C7175231A081334002AC734 /* Main.storyboard in Resources */,
				4C7175281A081334002AC734 /* LaunchScreen.xib in Resources */,
				4C7175251A081334002AC734 /* Images.xcassets in Resources */,
			);
			runOnlyForDeploymentPostprocessing = 0;
		};
		4C71752B1A081334002AC734 /* Resources */ = {
			isa = PBXResourcesBuildPhase;
			buildActionMask = 2147483647;
			files = (
			);
			runOnlyForDeploymentPostprocessing = 0;
		};
/* End PBXResourcesBuildPhase section */

/* Begin PBXSourcesBuildPhase section */
		4C71750D1A081334002AC734 /* Sources */ = {
			isa = PBXSourcesBuildPhase;
			buildActionMask = 2147483647;
			files = (
				4C71751A1A081334002AC734 /* AppDelegate.m in Sources */,
				4C7175171A081334002AC734 /* main.m in Sources */,
				CE19D92F1A0857AF00874F56 /* UberActivity.m in Sources */,
				CE19D9361A0857AF00874F56 /* NSURL+NXOAuth2.m in Sources */,
				CE19D93D1A0857AF00874F56 /* NXOAuth2FileStreamWrapper.m in Sources */,
				CE19D9391A0857AF00874F56 /* NXOAuth2AccountStore.m in Sources */,
				CE19D9301A0857AF00874F56 /* UberPrice.m in Sources */,
				4C7175201A081334002AC734 /* ViewController.m in Sources */,
				CE19D9341A0857AF00874F56 /* NSData+NXOAuth2.m in Sources */,
				CE19D9401A0857AF00874F56 /* NXOAuth2Request.m in Sources */,
				CE19D9411A0857AF00874F56 /* UberKit.m in Sources */,
				4C71751D1A081334002AC734 /* PersonalDriver.xcdatamodeld in Sources */,
				CE19D9331A0857AF00874F56 /* UberTime.m in Sources */,
				CE19D93A1A0857AF00874F56 /* NXOAuth2Client.m in Sources */,
				CE19D9321A0857AF00874F56 /* UberProfile.m in Sources */,
				CE19D9381A0857AF00874F56 /* NXOAuth2Account.m in Sources */,
				CE19D93E1A0857AF00874F56 /* NXOAuth2PostBodyPart.m in Sources */,
				CE19D8481A081E5D00874F56 /* SignupViewController.m in Sources */,
				CE19D93C1A0857AF00874F56 /* NXOAuth2Constants.m in Sources */,
				CE19D9351A0857AF00874F56 /* NSString+NXOAuth2.m in Sources */,
				CE19D93F1A0857AF00874F56 /* NXOAuth2PostBodyStream.m in Sources */,
				CE19D9371A0857AF00874F56 /* NXOAuth2AccessToken.m in Sources */,
				CE19D93B1A0857AF00874F56 /* NXOAuth2Connection.m in Sources */,
				CE19D9311A0857AF00874F56 /* UberProduct.m in Sources */,
			);
			runOnlyForDeploymentPostprocessing = 0;
		};
		4C7175291A081334002AC734 /* Sources */ = {
			isa = PBXSourcesBuildPhase;
			buildActionMask = 2147483647;
			files = (
				4C7175341A081334002AC734 /* PersonalDriverTests.m in Sources */,
			);
			runOnlyForDeploymentPostprocessing = 0;
		};
/* End PBXSourcesBuildPhase section */

/* Begin PBXTargetDependency section */
		4C71752F1A081334002AC734 /* PBXTargetDependency */ = {
			isa = PBXTargetDependency;
			target = 4C7175101A081334002AC734 /* PersonalDriver */;
			targetProxy = 4C71752E1A081334002AC734 /* PBXContainerItemProxy */;
		};
/* End PBXTargetDependency section */

/* Begin PBXVariantGroup section */
		4C7175211A081334002AC734 /* Main.storyboard */ = {
			isa = PBXVariantGroup;
			children = (
				4C7175221A081334002AC734 /* Base */,
			);
			name = Main.storyboard;
			sourceTree = "<group>";
		};
		4C7175261A081334002AC734 /* LaunchScreen.xib */ = {
			isa = PBXVariantGroup;
			children = (
				4C7175271A081334002AC734 /* Base */,
			);
			name = LaunchScreen.xib;
			sourceTree = "<group>";
		};
/* End PBXVariantGroup section */

/* Begin XCBuildConfiguration section */
		4C7175351A081334002AC734 /* Debug */ = {
			isa = XCBuildConfiguration;
			buildSettings = {
				ALWAYS_SEARCH_USER_PATHS = NO;
				CLANG_CXX_LANGUAGE_STANDARD = "gnu++0x";
				CLANG_CXX_LIBRARY = "libc++";
				CLANG_ENABLE_MODULES = YES;
				CLANG_ENABLE_OBJC_ARC = YES;
				CLANG_WARN_BOOL_CONVERSION = YES;
				CLANG_WARN_CONSTANT_CONVERSION = YES;
				CLANG_WARN_DIRECT_OBJC_ISA_USAGE = YES_ERROR;
				CLANG_WARN_EMPTY_BODY = YES;
				CLANG_WARN_ENUM_CONVERSION = YES;
				CLANG_WARN_INT_CONVERSION = YES;
				CLANG_WARN_OBJC_ROOT_CLASS = YES_ERROR;
				CLANG_WARN_UNREACHABLE_CODE = YES;
				CLANG_WARN__DUPLICATE_METHOD_MATCH = YES;
				"CODE_SIGN_IDENTITY[sdk=iphoneos*]" = "iPhone Developer";
				COPY_PHASE_STRIP = NO;
				ENABLE_STRICT_OBJC_MSGSEND = YES;
				GCC_C_LANGUAGE_STANDARD = gnu99;
				GCC_DYNAMIC_NO_PIC = NO;
				GCC_OPTIMIZATION_LEVEL = 0;
				GCC_PREPROCESSOR_DEFINITIONS = (
					"DEBUG=1",
					"$(inherited)",
				);
				GCC_SYMBOLS_PRIVATE_EXTERN = NO;
				GCC_WARN_64_TO_32_BIT_CONVERSION = YES;
				GCC_WARN_ABOUT_RETURN_TYPE = YES_ERROR;
				GCC_WARN_UNDECLARED_SELECTOR = YES;
				GCC_WARN_UNINITIALIZED_AUTOS = YES_AGGRESSIVE;
				GCC_WARN_UNUSED_FUNCTION = YES;
				GCC_WARN_UNUSED_VARIABLE = YES;
				IPHONEOS_DEPLOYMENT_TARGET = 8.1;
				MTL_ENABLE_DEBUG_INFO = YES;
				ONLY_ACTIVE_ARCH = YES;
				SDKROOT = iphoneos;
			};
			name = Debug;
		};
		4C7175361A081334002AC734 /* Release */ = {
			isa = XCBuildConfiguration;
			buildSettings = {
				ALWAYS_SEARCH_USER_PATHS = NO;
				CLANG_CXX_LANGUAGE_STANDARD = "gnu++0x";
				CLANG_CXX_LIBRARY = "libc++";
				CLANG_ENABLE_MODULES = YES;
				CLANG_ENABLE_OBJC_ARC = YES;
				CLANG_WARN_BOOL_CONVERSION = YES;
				CLANG_WARN_CONSTANT_CONVERSION = YES;
				CLANG_WARN_DIRECT_OBJC_ISA_USAGE = YES_ERROR;
				CLANG_WARN_EMPTY_BODY = YES;
				CLANG_WARN_ENUM_CONVERSION = YES;
				CLANG_WARN_INT_CONVERSION = YES;
				CLANG_WARN_OBJC_ROOT_CLASS = YES_ERROR;
				CLANG_WARN_UNREACHABLE_CODE = YES;
				CLANG_WARN__DUPLICATE_METHOD_MATCH = YES;
				"CODE_SIGN_IDENTITY[sdk=iphoneos*]" = "iPhone Developer";
				COPY_PHASE_STRIP = YES;
				ENABLE_NS_ASSERTIONS = NO;
				ENABLE_STRICT_OBJC_MSGSEND = YES;
				GCC_C_LANGUAGE_STANDARD = gnu99;
				GCC_WARN_64_TO_32_BIT_CONVERSION = YES;
				GCC_WARN_ABOUT_RETURN_TYPE = YES_ERROR;
				GCC_WARN_UNDECLARED_SELECTOR = YES;
				GCC_WARN_UNINITIALIZED_AUTOS = YES_AGGRESSIVE;
				GCC_WARN_UNUSED_FUNCTION = YES;
				GCC_WARN_UNUSED_VARIABLE = YES;
				IPHONEOS_DEPLOYMENT_TARGET = 8.1;
				MTL_ENABLE_DEBUG_INFO = NO;
				SDKROOT = iphoneos;
				VALIDATE_PRODUCT = YES;
			};
			name = Release;
		};
		4C7175381A081334002AC734 /* Debug */ = {
			isa = XCBuildConfiguration;
			buildSettings = {
				ASSETCATALOG_COMPILER_APPICON_NAME = AppIcon;
				CODE_SIGN_IDENTITY = "iPhone Developer";
				INFOPLIST_FILE = PersonalDriver/Info.plist;
				LD_RUNPATH_SEARCH_PATHS = "$(inherited) @executable_path/Frameworks";
				PRODUCT_NAME = "$(TARGET_NAME)";
			};
			name = Debug;
		};
		4C7175391A081334002AC734 /* Release */ = {
			isa = XCBuildConfiguration;
			buildSettings = {
				ASSETCATALOG_COMPILER_APPICON_NAME = AppIcon;
				CODE_SIGN_IDENTITY = "iPhone Developer";
				INFOPLIST_FILE = PersonalDriver/Info.plist;
				LD_RUNPATH_SEARCH_PATHS = "$(inherited) @executable_path/Frameworks";
				PRODUCT_NAME = "$(TARGET_NAME)";
			};
			name = Release;
		};
		4C71753B1A081334002AC734 /* Debug */ = {
			isa = XCBuildConfiguration;
			buildSettings = {
				BUNDLE_LOADER = "$(TEST_HOST)";
				FRAMEWORK_SEARCH_PATHS = (
					"$(SDKROOT)/Developer/Library/Frameworks",
					"$(inherited)",
				);
				GCC_PREPROCESSOR_DEFINITIONS = (
					"DEBUG=1",
					"$(inherited)",
				);
				INFOPLIST_FILE = PersonalDriverTests/Info.plist;
				LD_RUNPATH_SEARCH_PATHS = "$(inherited) @executable_path/Frameworks @loader_path/Frameworks";
				PRODUCT_NAME = "$(TARGET_NAME)";
				TEST_HOST = "$(BUILT_PRODUCTS_DIR)/PersonalDriver.app/PersonalDriver";
			};
			name = Debug;
		};
		4C71753C1A081334002AC734 /* Release */ = {
			isa = XCBuildConfiguration;
			buildSettings = {
				BUNDLE_LOADER = "$(TEST_HOST)";
				FRAMEWORK_SEARCH_PATHS = (
					"$(SDKROOT)/Developer/Library/Frameworks",
					"$(inherited)",
				);
				INFOPLIST_FILE = PersonalDriverTests/Info.plist;
				LD_RUNPATH_SEARCH_PATHS = "$(inherited) @executable_path/Frameworks @loader_path/Frameworks";
				PRODUCT_NAME = "$(TARGET_NAME)";
				TEST_HOST = "$(BUILT_PRODUCTS_DIR)/PersonalDriver.app/PersonalDriver";
			};
			name = Release;
		};
/* End XCBuildConfiguration section */

/* Begin XCConfigurationList section */
		4C71750C1A081334002AC734 /* Build configuration list for PBXProject "PersonalDriver" */ = {
			isa = XCConfigurationList;
			buildConfigurations = (
				4C7175351A081334002AC734 /* Debug */,
				4C7175361A081334002AC734 /* Release */,
			);
			defaultConfigurationIsVisible = 0;
			defaultConfigurationName = Release;
		};
		4C7175371A081334002AC734 /* Build configuration list for PBXNativeTarget "PersonalDriver" */ = {
			isa = XCConfigurationList;
			buildConfigurations = (
				4C7175381A081334002AC734 /* Debug */,
				4C7175391A081334002AC734 /* Release */,
			);
			defaultConfigurationIsVisible = 0;
			defaultConfigurationName = Release;
		};
		4C71753A1A081334002AC734 /* Build configuration list for PBXNativeTarget "PersonalDriverTests" */ = {
			isa = XCConfigurationList;
			buildConfigurations = (
				4C71753B1A081334002AC734 /* Debug */,
				4C71753C1A081334002AC734 /* Release */,
			);
			defaultConfigurationIsVisible = 0;
			defaultConfigurationName = Release;
		};
/* End XCConfigurationList section */

/* Begin XCVersionGroup section */
		4C71751B1A081334002AC734 /* PersonalDriver.xcdatamodeld */ = {
			isa = XCVersionGroup;
			children = (
				4C71751C1A081334002AC734 /* PersonalDriver.xcdatamodel */,
			);
			currentVersion = 4C71751C1A081334002AC734 /* PersonalDriver.xcdatamodel */;
			path = PersonalDriver.xcdatamodeld;
			sourceTree = "<group>";
			versionGroupType = wrapper.xcdatamodel;
		};
/* End XCVersionGroup section */
	};
	rootObject = 4C7175091A081334002AC734 /* Project object */;
}
